// !$*UTF8*$!
{
	archiveVersion = 1;
	classes = {
	};
	objectVersion = 46;
	objects = {

/* Begin PBXBuildFile section */
		15313C3B1CC94C9200745760 /* AccountViewController.swift in Sources */ = {isa = PBXBuildFile; fileRef = 15313C3A1CC94C9200745760 /* AccountViewController.swift */; };
		15313C3D1CC9814A00745760 /* MainTabController.swift in Sources */ = {isa = PBXBuildFile; fileRef = 15313C3C1CC9814A00745760 /* MainTabController.swift */; };
		15454DF11CA7E00900A520D1 /* UICKeyChainStore.m in Sources */ = {isa = PBXBuildFile; fileRef = 15454DF01CA7E00900A520D1 /* UICKeyChainStore.m */; };
		15454DF31CA7EAF900A520D1 /* FollowingViewController.swift in Sources */ = {isa = PBXBuildFile; fileRef = 15454DF21CA7EAF900A520D1 /* FollowingViewController.swift */; };
		15454DF51CA7ECCB00A520D1 /* FollowingTableViewCell.swift in Sources */ = {isa = PBXBuildFile; fileRef = 15454DF41CA7ECCB00A520D1 /* FollowingTableViewCell.swift */; };
		15454DF71CA808BB00A520D1 /* FollowerViewController.swift in Sources */ = {isa = PBXBuildFile; fileRef = 15454DF61CA808BB00A520D1 /* FollowerViewController.swift */; };
		15454DF91CA80CAC00A520D1 /* SignUpViewController.swift in Sources */ = {isa = PBXBuildFile; fileRef = 15454DF81CA80CAC00A520D1 /* SignUpViewController.swift */; };
		1546D39B1CA61A5100D8ECC5 /* AppDelegate.swift in Sources */ = {isa = PBXBuildFile; fileRef = 1546D39A1CA61A5100D8ECC5 /* AppDelegate.swift */; };
		1546D3A01CA61A5100D8ECC5 /* Main.storyboard in Resources */ = {isa = PBXBuildFile; fileRef = 1546D39E1CA61A5100D8ECC5 /* Main.storyboard */; };
		1546D3A21CA61A5100D8ECC5 /* Assets.xcassets in Resources */ = {isa = PBXBuildFile; fileRef = 1546D3A11CA61A5100D8ECC5 /* Assets.xcassets */; };
		1546D3A51CA61A5100D8ECC5 /* LaunchScreen.storyboard in Resources */ = {isa = PBXBuildFile; fileRef = 1546D3A31CA61A5100D8ECC5 /* LaunchScreen.storyboard */; };
		1546D3B41CA61D2B00D8ECC5 /* SVProgressHUD.framework in Frameworks */ = {isa = PBXBuildFile; fileRef = 1546D3AE1CA61D2B00D8ECC5 /* SVProgressHUD.framework */; };
		1546D3B51CA61D2B00D8ECC5 /* SVProgressHUD.framework in Embed Frameworks */ = {isa = PBXBuildFile; fileRef = 1546D3AE1CA61D2B00D8ECC5 /* SVProgressHUD.framework */; settings = {ATTRIBUTES = (CodeSignOnCopy, RemoveHeadersOnCopy, ); }; };
		157079101CA6299500043676 /* User.swift in Sources */ = {isa = PBXBuildFile; fileRef = 1570790F1CA6299500043676 /* User.swift */; };
		15AA50071CA637570066CAB9 /* Alamofire.framework in Frameworks */ = {isa = PBXBuildFile; fileRef = 15AA50051CA637570066CAB9 /* Alamofire.framework */; };
		15AA50081CA637570066CAB9 /* Alamofire.framework in Embed Frameworks */ = {isa = PBXBuildFile; fileRef = 15AA50051CA637570066CAB9 /* Alamofire.framework */; settings = {ATTRIBUTES = (CodeSignOnCopy, RemoveHeadersOnCopy, ); }; };
		15AA50091CA637570066CAB9 /* SwiftyJSON.framework in Frameworks */ = {isa = PBXBuildFile; fileRef = 15AA50061CA637570066CAB9 /* SwiftyJSON.framework */; };
		15AA500A1CA637570066CAB9 /* SwiftyJSON.framework in Embed Frameworks */ = {isa = PBXBuildFile; fileRef = 15AA50061CA637570066CAB9 /* SwiftyJSON.framework */; settings = {ATTRIBUTES = (CodeSignOnCopy, RemoveHeadersOnCopy, ); }; };
		15AA50101CA637780066CAB9 /* NetworkFacade.swift in Sources */ = {isa = PBXBuildFile; fileRef = 15AA500B1CA637780066CAB9 /* NetworkFacade.swift */; };
		15AA50111CA637780066CAB9 /* NetworkingAccessor.swift in Sources */ = {isa = PBXBuildFile; fileRef = 15AA500C1CA637780066CAB9 /* NetworkingAccessor.swift */; };
		15AA50121CA637780066CAB9 /* NetworkObjects.swift in Sources */ = {isa = PBXBuildFile; fileRef = 15AA500D1CA637780066CAB9 /* NetworkObjects.swift */; };
		15AA50131CA637780066CAB9 /* RestNetworkAccessor.swift in Sources */ = {isa = PBXBuildFile; fileRef = 15AA500E1CA637780066CAB9 /* RestNetworkAccessor.swift */; };
		15AA50161CA6383A0066CAB9 /* Constants.swift in Sources */ = {isa = PBXBuildFile; fileRef = 15AA50151CA6383A0066CAB9 /* Constants.swift */; };
		15AA50191CA6392F0066CAB9 /* UIColor+Hex.swift in Sources */ = {isa = PBXBuildFile; fileRef = 15AA50181CA6392F0066CAB9 /* UIColor+Hex.swift */; };
		15AA501B1CA639870066CAB9 /* DummyNetworkAccessor.swift in Sources */ = {isa = PBXBuildFile; fileRef = 15AA501A1CA639870066CAB9 /* DummyNetworkAccessor.swift */; };
		6E18F6B11CAC439000696CC5 /* EmojisList.plist in Resources */ = {isa = PBXBuildFile; fileRef = 6E18F6AC1CAC439000696CC5 /* EmojisList.plist */; };
		6E18F6B21CAC439000696CC5 /* AGEmojiPageView.m in Sources */ = {isa = PBXBuildFile; fileRef = 6E18F6AD1CAC439000696CC5 /* AGEmojiPageView.m */; };
		6E18F6B31CAC439000696CC5 /* AGEmojiKeyBoardView.m in Sources */ = {isa = PBXBuildFile; fileRef = 6E18F6AF1CAC439000696CC5 /* AGEmojiKeyBoardView.m */; };
		6E5DBF721CABC494004D3088 /* String+Emoji.swift in Sources */ = {isa = PBXBuildFile; fileRef = 6E5DBF711CABC494004D3088 /* String+Emoji.swift */; };
		6EBDFF5F1CA7F35A0067B7CC /* NSDate+Comparisons.swift in Sources */ = {isa = PBXBuildFile; fileRef = 6EBDFF5E1CA7F35A0067B7CC /* NSDate+Comparisons.swift */; };
		6ECCD7951CA714FA00F53AD5 /* TimelineViewController.swift in Sources */ = {isa = PBXBuildFile; fileRef = 6ECCD7941CA714FA00F53AD5 /* TimelineViewController.swift */; };
		6ECCD7971CA7152400F53AD5 /* TimelineTableViewCell.swift in Sources */ = {isa = PBXBuildFile; fileRef = 6ECCD7961CA7152400F53AD5 /* TimelineTableViewCell.swift */; };
		6ECCD79C1CA72C7600F53AD5 /* EmoteView.swift in Sources */ = {isa = PBXBuildFile; fileRef = 6ECCD79B1CA72C7600F53AD5 /* EmoteView.swift */; };
		6ECCD79E1CA72C8D00F53AD5 /* EmoteView.xib in Resources */ = {isa = PBXBuildFile; fileRef = 6ECCD79D1CA72C8D00F53AD5 /* EmoteView.xib */; };
		6ECCD7A21CA7724F00F53AD5 /* LoginViewController.swift in Sources */ = {isa = PBXBuildFile; fileRef = 6ECCD7A11CA7724F00F53AD5 /* LoginViewController.swift */; };
		6EF1EF471CB4D4A400992A2F /* TimelineTableViewDataSource.swift in Sources */ = {isa = PBXBuildFile; fileRef = 6EF1EF461CB4D4A400992A2F /* TimelineTableViewDataSource.swift */; };
		6EF1EF491CB4DC2A00992A2F /* UserTimelineViewController.swift in Sources */ = {isa = PBXBuildFile; fileRef = 6EF1EF481CB4DC2A00992A2F /* UserTimelineViewController.swift */; };
/* End PBXBuildFile section */

/* Begin PBXCopyFilesBuildPhase section */
		1546D3B81CA61D2B00D8ECC5 /* Embed Frameworks */ = {
			isa = PBXCopyFilesBuildPhase;
			buildActionMask = 2147483647;
			dstPath = "";
			dstSubfolderSpec = 10;
			files = (
				1546D3B51CA61D2B00D8ECC5 /* SVProgressHUD.framework in Embed Frameworks */,
				15AA50081CA637570066CAB9 /* Alamofire.framework in Embed Frameworks */,
				15AA500A1CA637570066CAB9 /* SwiftyJSON.framework in Embed Frameworks */,
			);
			name = "Embed Frameworks";
			runOnlyForDeploymentPostprocessing = 0;
		};
/* End PBXCopyFilesBuildPhase section */

/* Begin PBXFileReference section */
		15313C3A1CC94C9200745760 /* AccountViewController.swift */ = {isa = PBXFileReference; fileEncoding = 4; lastKnownFileType = sourcecode.swift; path = AccountViewController.swift; sourceTree = "<group>"; };
		15313C3C1CC9814A00745760 /* MainTabController.swift */ = {isa = PBXFileReference; fileEncoding = 4; lastKnownFileType = sourcecode.swift; path = MainTabController.swift; sourceTree = "<group>"; };
		15454DEE1CA7E00800A520D1 /* Emojr-Bridging-Header.h */ = {isa = PBXFileReference; lastKnownFileType = sourcecode.c.h; path = "Emojr-Bridging-Header.h"; sourceTree = "<group>"; };
		15454DEF1CA7E00900A520D1 /* UICKeyChainStore.h */ = {isa = PBXFileReference; fileEncoding = 4; lastKnownFileType = sourcecode.c.h; name = UICKeyChainStore.h; path = Emojr/UICKeyChainStore.h; sourceTree = "<group>"; };
		15454DF01CA7E00900A520D1 /* UICKeyChainStore.m */ = {isa = PBXFileReference; fileEncoding = 4; lastKnownFileType = sourcecode.c.objc; name = UICKeyChainStore.m; path = Emojr/UICKeyChainStore.m; sourceTree = "<group>"; };
		15454DF21CA7EAF900A520D1 /* FollowingViewController.swift */ = {isa = PBXFileReference; fileEncoding = 4; lastKnownFileType = sourcecode.swift; path = FollowingViewController.swift; sourceTree = "<group>"; };
		15454DF41CA7ECCB00A520D1 /* FollowingTableViewCell.swift */ = {isa = PBXFileReference; fileEncoding = 4; lastKnownFileType = sourcecode.swift; path = FollowingTableViewCell.swift; sourceTree = "<group>"; };
		15454DF61CA808BB00A520D1 /* FollowerViewController.swift */ = {isa = PBXFileReference; fileEncoding = 4; lastKnownFileType = sourcecode.swift; path = FollowerViewController.swift; sourceTree = "<group>"; };
		15454DF81CA80CAC00A520D1 /* SignUpViewController.swift */ = {isa = PBXFileReference; fileEncoding = 4; lastKnownFileType = sourcecode.swift; path = SignUpViewController.swift; sourceTree = "<group>"; };
		1546D3971CA61A5100D8ECC5 /* Emojr.app */ = {isa = PBXFileReference; explicitFileType = wrapper.application; includeInIndex = 0; path = Emojr.app; sourceTree = BUILT_PRODUCTS_DIR; };
		1546D39A1CA61A5100D8ECC5 /* AppDelegate.swift */ = {isa = PBXFileReference; lastKnownFileType = sourcecode.swift; path = AppDelegate.swift; sourceTree = "<group>"; };
		1546D39F1CA61A5100D8ECC5 /* Base */ = {isa = PBXFileReference; lastKnownFileType = file.storyboard; name = Base; path = Base.lproj/Main.storyboard; sourceTree = "<group>"; };
		1546D3A11CA61A5100D8ECC5 /* Assets.xcassets */ = {isa = PBXFileReference; lastKnownFileType = folder.assetcatalog; path = Assets.xcassets; sourceTree = "<group>"; };
		1546D3A41CA61A5100D8ECC5 /* Base */ = {isa = PBXFileReference; lastKnownFileType = file.storyboard; name = Base; path = Base.lproj/LaunchScreen.storyboard; sourceTree = "<group>"; };
		1546D3A61CA61A5100D8ECC5 /* Info.plist */ = {isa = PBXFileReference; lastKnownFileType = text.plist.xml; path = Info.plist; sourceTree = "<group>"; };
		1546D3AE1CA61D2B00D8ECC5 /* SVProgressHUD.framework */ = {isa = PBXFileReference; lastKnownFileType = wrapper.framework; name = SVProgressHUD.framework; path = Carthage/Build/iOS/SVProgressHUD.framework; sourceTree = "<group>"; };
		1570790F1CA6299500043676 /* User.swift */ = {isa = PBXFileReference; fileEncoding = 4; lastKnownFileType = sourcecode.swift; path = User.swift; sourceTree = "<group>"; };
		15AA50051CA637570066CAB9 /* Alamofire.framework */ = {isa = PBXFileReference; lastKnownFileType = wrapper.framework; name = Alamofire.framework; path = Carthage/Build/iOS/Alamofire.framework; sourceTree = "<group>"; };
		15AA50061CA637570066CAB9 /* SwiftyJSON.framework */ = {isa = PBXFileReference; lastKnownFileType = wrapper.framework; name = SwiftyJSON.framework; path = Carthage/Build/iOS/SwiftyJSON.framework; sourceTree = "<group>"; };
		15AA500B1CA637780066CAB9 /* NetworkFacade.swift */ = {isa = PBXFileReference; fileEncoding = 4; lastKnownFileType = sourcecode.swift; path = NetworkFacade.swift; sourceTree = "<group>"; };
		15AA500C1CA637780066CAB9 /* NetworkingAccessor.swift */ = {isa = PBXFileReference; fileEncoding = 4; lastKnownFileType = sourcecode.swift; path = NetworkingAccessor.swift; sourceTree = "<group>"; };
		15AA500D1CA637780066CAB9 /* NetworkObjects.swift */ = {isa = PBXFileReference; fileEncoding = 4; lastKnownFileType = sourcecode.swift; path = NetworkObjects.swift; sourceTree = "<group>"; };
		15AA500E1CA637780066CAB9 /* RestNetworkAccessor.swift */ = {isa = PBXFileReference; fileEncoding = 4; lastKnownFileType = sourcecode.swift; path = RestNetworkAccessor.swift; sourceTree = "<group>"; };
		15AA50151CA6383A0066CAB9 /* Constants.swift */ = {isa = PBXFileReference; fileEncoding = 4; lastKnownFileType = sourcecode.swift; path = Constants.swift; sourceTree = "<group>"; };
		15AA50181CA6392F0066CAB9 /* UIColor+Hex.swift */ = {isa = PBXFileReference; fileEncoding = 4; lastKnownFileType = sourcecode.swift; path = "UIColor+Hex.swift"; sourceTree = "<group>"; };
		15AA501A1CA639870066CAB9 /* DummyNetworkAccessor.swift */ = {isa = PBXFileReference; fileEncoding = 4; lastKnownFileType = sourcecode.swift; path = DummyNetworkAccessor.swift; sourceTree = "<group>"; };
		6E18F6AC1CAC439000696CC5 /* EmojisList.plist */ = {isa = PBXFileReference; fileEncoding = 4; lastKnownFileType = text.plist.xml; path = EmojisList.plist; sourceTree = "<group>"; };
		6E18F6AD1CAC439000696CC5 /* AGEmojiPageView.m */ = {isa = PBXFileReference; fileEncoding = 4; lastKnownFileType = sourcecode.c.objc; path = AGEmojiPageView.m; sourceTree = "<group>"; };
		6E18F6AE1CAC439000696CC5 /* AGEmojiPageView.h */ = {isa = PBXFileReference; fileEncoding = 4; lastKnownFileType = sourcecode.c.h; path = AGEmojiPageView.h; sourceTree = "<group>"; };
		6E18F6AF1CAC439000696CC5 /* AGEmojiKeyBoardView.m */ = {isa = PBXFileReference; fileEncoding = 4; lastKnownFileType = sourcecode.c.objc; path = AGEmojiKeyBoardView.m; sourceTree = "<group>"; };
		6E18F6B01CAC439000696CC5 /* AGEmojiKeyBoardView.h */ = {isa = PBXFileReference; fileEncoding = 4; lastKnownFileType = sourcecode.c.h; path = AGEmojiKeyBoardView.h; sourceTree = "<group>"; };
		6E5DBF711CABC494004D3088 /* String+Emoji.swift */ = {isa = PBXFileReference; fileEncoding = 4; lastKnownFileType = sourcecode.swift; path = "String+Emoji.swift"; sourceTree = "<group>"; };
		6EBDFF5E1CA7F35A0067B7CC /* NSDate+Comparisons.swift */ = {isa = PBXFileReference; fileEncoding = 4; lastKnownFileType = sourcecode.swift; path = "NSDate+Comparisons.swift"; sourceTree = "<group>"; };
		6ECCD7941CA714FA00F53AD5 /* TimelineViewController.swift */ = {isa = PBXFileReference; fileEncoding = 4; lastKnownFileType = sourcecode.swift; path = TimelineViewController.swift; sourceTree = "<group>"; };
		6ECCD7961CA7152400F53AD5 /* TimelineTableViewCell.swift */ = {isa = PBXFileReference; fileEncoding = 4; lastKnownFileType = sourcecode.swift; path = TimelineTableViewCell.swift; sourceTree = "<group>"; };
		6ECCD79B1CA72C7600F53AD5 /* EmoteView.swift */ = {isa = PBXFileReference; fileEncoding = 4; lastKnownFileType = sourcecode.swift; path = EmoteView.swift; sourceTree = "<group>"; };
		6ECCD79D1CA72C8D00F53AD5 /* EmoteView.xib */ = {isa = PBXFileReference; fileEncoding = 4; lastKnownFileType = file.xib; path = EmoteView.xib; sourceTree = "<group>"; };
		6ECCD7A11CA7724F00F53AD5 /* LoginViewController.swift */ = {isa = PBXFileReference; fileEncoding = 4; lastKnownFileType = sourcecode.swift; path = LoginViewController.swift; sourceTree = "<group>"; };
		6EF1EF461CB4D4A400992A2F /* TimelineTableViewDataSource.swift */ = {isa = PBXFileReference; fileEncoding = 4; lastKnownFileType = sourcecode.swift; path = TimelineTableViewDataSource.swift; sourceTree = "<group>"; };
		6EF1EF481CB4DC2A00992A2F /* UserTimelineViewController.swift */ = {isa = PBXFileReference; fileEncoding = 4; lastKnownFileType = sourcecode.swift; path = UserTimelineViewController.swift; sourceTree = "<group>"; };
/* End PBXFileReference section */

/* Begin PBXFrameworksBuildPhase section */
		1546D3941CA61A5100D8ECC5 /* Frameworks */ = {
			isa = PBXFrameworksBuildPhase;
			buildActionMask = 2147483647;
			files = (
				1546D3B41CA61D2B00D8ECC5 /* SVProgressHUD.framework in Frameworks */,
				15AA50071CA637570066CAB9 /* Alamofire.framework in Frameworks */,
				15AA50091CA637570066CAB9 /* SwiftyJSON.framework in Frameworks */,
			);
			runOnlyForDeploymentPostprocessing = 0;
		};
/* End PBXFrameworksBuildPhase section */

/* Begin PBXGroup section */
		15313C371CC9499000745760 /* ViewControllers */ = {
			isa = PBXGroup;
			children = (
				6ECCD7941CA714FA00F53AD5 /* TimelineViewController.swift */,
				6ECCD7A11CA7724F00F53AD5 /* LoginViewController.swift */,
				15454DF21CA7EAF900A520D1 /* FollowingViewController.swift */,
				15454DF61CA808BB00A520D1 /* FollowerViewController.swift */,
				15454DF81CA80CAC00A520D1 /* SignUpViewController.swift */,
				6EF1EF481CB4DC2A00992A2F /* UserTimelineViewController.swift */,
				15313C3A1CC94C9200745760 /* AccountViewController.swift */,
				15313C3C1CC9814A00745760 /* MainTabController.swift */,
			);
			name = ViewControllers;
			sourceTree = "<group>";
		};
		1546D38E1CA61A5100D8ECC5 = {
			isa = PBXGroup;
			children = (
				1546D3991CA61A5100D8ECC5 /* Emojr */,
				1546D3B91CA61D3100D8ECC5 /* Libraries */,
				1546D3981CA61A5100D8ECC5 /* Products */,
			);
			sourceTree = "<group>";
		};
		1546D3981CA61A5100D8ECC5 /* Products */ = {
			isa = PBXGroup;
			children = (
				1546D3971CA61A5100D8ECC5 /* Emojr.app */,
			);
			name = Products;
			sourceTree = "<group>";
		};
		1546D3991CA61A5100D8ECC5 /* Emojr */ = {
			isa = PBXGroup;
			children = (
				15313C371CC9499000745760 /* ViewControllers */,
				6EF1EF4A1CB4EE5000992A2F /* Model */,
				6ECCD79A1CA717DA00F53AD5 /* View */,
				15AA50171CA638F50066CAB9 /* Utilities */,
				1546D3BA1CA61D4D00D8ECC5 /* Networking */,
				1546D39A1CA61A5100D8ECC5 /* AppDelegate.swift */,
				1546D39E1CA61A5100D8ECC5 /* Main.storyboard */,
				1546D3A31CA61A5100D8ECC5 /* LaunchScreen.storyboard */,
				6ECCD79D1CA72C8D00F53AD5 /* EmoteView.xib */,
				1546D3A11CA61A5100D8ECC5 /* Assets.xcassets */,
				1546D3A61CA61A5100D8ECC5 /* Info.plist */,
				6E18F6AC1CAC439000696CC5 /* EmojisList.plist */,
			);
			path = Emojr;
			sourceTree = "<group>";
		};
		1546D3B91CA61D3100D8ECC5 /* Libraries */ = {
			isa = PBXGroup;
			children = (
				6E18F6B41CAC439C00696CC5 /* AGEmojiKeyBoard */,
				15454DEF1CA7E00900A520D1 /* UICKeyChainStore.h */,
				15454DF01CA7E00900A520D1 /* UICKeyChainStore.m */,
				15AA50051CA637570066CAB9 /* Alamofire.framework */,
				15AA50061CA637570066CAB9 /* SwiftyJSON.framework */,
				1546D3AE1CA61D2B00D8ECC5 /* SVProgressHUD.framework */,
				15454DEE1CA7E00800A520D1 /* Emojr-Bridging-Header.h */,
			);
			name = Libraries;
			sourceTree = "<group>";
		};
		1546D3BA1CA61D4D00D8ECC5 /* Networking */ = {
			isa = PBXGroup;
			children = (
				15AA500B1CA637780066CAB9 /* NetworkFacade.swift */,
				15AA500C1CA637780066CAB9 /* NetworkingAccessor.swift */,
				15AA500D1CA637780066CAB9 /* NetworkObjects.swift */,
				15AA500E1CA637780066CAB9 /* RestNetworkAccessor.swift */,
				15AA501A1CA639870066CAB9 /* DummyNetworkAccessor.swift */,
			);
			name = Networking;
			sourceTree = "<group>";
		};
		15AA50171CA638F50066CAB9 /* Utilities */ = {
			isa = PBXGroup;
			children = (
				15AA50181CA6392F0066CAB9 /* UIColor+Hex.swift */,
				15AA50151CA6383A0066CAB9 /* Constants.swift */,
				6EBDFF5E1CA7F35A0067B7CC /* NSDate+Comparisons.swift */,
				6E5DBF711CABC494004D3088 /* String+Emoji.swift */,
			);
			name = Utilities;
			sourceTree = "<group>";
		};
		6E18F6B41CAC439C00696CC5 /* AGEmojiKeyBoard */ = {
			isa = PBXGroup;
			children = (
				6E18F6AD1CAC439000696CC5 /* AGEmojiPageView.m */,
				6E18F6AE1CAC439000696CC5 /* AGEmojiPageView.h */,
				6E18F6AF1CAC439000696CC5 /* AGEmojiKeyBoardView.m */,
				6E18F6B01CAC439000696CC5 /* AGEmojiKeyBoardView.h */,
			);
			name = AGEmojiKeyBoard;
			path = Emojr;
			sourceTree = "<group>";
		};
		6ECCD79A1CA717DA00F53AD5 /* View */ = {
			isa = PBXGroup;
			children = (
				6ECCD7961CA7152400F53AD5 /* TimelineTableViewCell.swift */,
				6ECCD79B1CA72C7600F53AD5 /* EmoteView.swift */,
				15454DF41CA7ECCB00A520D1 /* FollowingTableViewCell.swift */,
			);
			name = View;
			sourceTree = "<group>";
		};
		6EF1EF4A1CB4EE5000992A2F /* Model */ = {
			isa = PBXGroup;
			children = (
				1570790F1CA6299500043676 /* User.swift */,
				6EF1EF461CB4D4A400992A2F /* TimelineTableViewDataSource.swift */,
			);
			name = Model;
			sourceTree = "<group>";
		};
/* End PBXGroup section */

/* Begin PBXNativeTarget section */
		1546D3961CA61A5100D8ECC5 /* Emojr */ = {
			isa = PBXNativeTarget;
			buildConfigurationList = 1546D3A91CA61A5100D8ECC5 /* Build configuration list for PBXNativeTarget "Emojr" */;
			buildPhases = (
				1546D3931CA61A5100D8ECC5 /* Sources */,
				1546D3941CA61A5100D8ECC5 /* Frameworks */,
				1546D3951CA61A5100D8ECC5 /* Resources */,
				1546D3B81CA61D2B00D8ECC5 /* Embed Frameworks */,
			);
			buildRules = (
			);
			dependencies = (
			);
			name = Emojr;
			productName = Emojr;
			productReference = 1546D3971CA61A5100D8ECC5 /* Emojr.app */;
			productType = "com.apple.product-type.application";
		};
/* End PBXNativeTarget section */

/* Begin PBXProject section */
		1546D38F1CA61A5100D8ECC5 /* Project object */ = {
			isa = PBXProject;
			attributes = {
				LastSwiftUpdateCheck = 0720;
				LastUpgradeCheck = 0720;
				ORGANIZATIONNAME = "Joseph Pecoraro";
				TargetAttributes = {
					1546D3961CA61A5100D8ECC5 = {
						CreatedOnToolsVersion = 7.2.1;
						DevelopmentTeam = CX87MDXJNH;
					};
				};
			};
			buildConfigurationList = 1546D3921CA61A5100D8ECC5 /* Build configuration list for PBXProject "Emojr" */;
			compatibilityVersion = "Xcode 3.2";
			developmentRegion = English;
			hasScannedForEncodings = 0;
			knownRegions = (
				en,
				Base,
			);
			mainGroup = 1546D38E1CA61A5100D8ECC5;
			productRefGroup = 1546D3981CA61A5100D8ECC5 /* Products */;
			projectDirPath = "";
			projectRoot = "";
			targets = (
				1546D3961CA61A5100D8ECC5 /* Emojr */,
			);
		};
/* End PBXProject section */

/* Begin PBXResourcesBuildPhase section */
		1546D3951CA61A5100D8ECC5 /* Resources */ = {
			isa = PBXResourcesBuildPhase;
			buildActionMask = 2147483647;
			files = (
				1546D3A51CA61A5100D8ECC5 /* LaunchScreen.storyboard in Resources */,
				1546D3A21CA61A5100D8ECC5 /* Assets.xcassets in Resources */,
				6E18F6B11CAC439000696CC5 /* EmojisList.plist in Resources */,
				1546D3A01CA61A5100D8ECC5 /* Main.storyboard in Resources */,
				6ECCD79E1CA72C8D00F53AD5 /* EmoteView.xib in Resources */,
			);
			runOnlyForDeploymentPostprocessing = 0;
		};
/* End PBXResourcesBuildPhase section */

/* Begin PBXSourcesBuildPhase section */
		1546D3931CA61A5100D8ECC5 /* Sources */ = {
			isa = PBXSourcesBuildPhase;
			buildActionMask = 2147483647;
			files = (
				15454DF71CA808BB00A520D1 /* FollowerViewController.swift in Sources */,
				6ECCD7A21CA7724F00F53AD5 /* LoginViewController.swift in Sources */,
				15313C3B1CC94C9200745760 /* AccountViewController.swift in Sources */,
				157079101CA6299500043676 /* User.swift in Sources */,
				15AA50121CA637780066CAB9 /* NetworkObjects.swift in Sources */,
				1546D39B1CA61A5100D8ECC5 /* AppDelegate.swift in Sources */,
				15313C3D1CC9814A00745760 /* MainTabController.swift in Sources */,
				6E5DBF721CABC494004D3088 /* String+Emoji.swift in Sources */,
				6ECCD7971CA7152400F53AD5 /* TimelineTableViewCell.swift in Sources */,
				15AA50191CA6392F0066CAB9 /* UIColor+Hex.swift in Sources */,
				15AA501B1CA639870066CAB9 /* DummyNetworkAccessor.swift in Sources */,
				15454DF31CA7EAF900A520D1 /* FollowingViewController.swift in Sources */,
				15454DF11CA7E00900A520D1 /* UICKeyChainStore.m in Sources */,
				15AA50131CA637780066CAB9 /* RestNetworkAccessor.swift in Sources */,
				6EF1EF471CB4D4A400992A2F /* TimelineTableViewDataSource.swift in Sources */,
				6E18F6B31CAC439000696CC5 /* AGEmojiKeyBoardView.m in Sources */,
				15AA50111CA637780066CAB9 /* NetworkingAccessor.swift in Sources */,
				6EBDFF5F1CA7F35A0067B7CC /* NSDate+Comparisons.swift in Sources */,
				15454DF91CA80CAC00A520D1 /* SignUpViewController.swift in Sources */,
				15AA50101CA637780066CAB9 /* NetworkFacade.swift in Sources */,
				15AA50161CA6383A0066CAB9 /* Constants.swift in Sources */,
				6ECCD79C1CA72C7600F53AD5 /* EmoteView.swift in Sources */,
				6EF1EF491CB4DC2A00992A2F /* UserTimelineViewController.swift in Sources */,
				15454DF51CA7ECCB00A520D1 /* FollowingTableViewCell.swift in Sources */,
				6E18F6B21CAC439000696CC5 /* AGEmojiPageView.m in Sources */,
				6ECCD7951CA714FA00F53AD5 /* TimelineViewController.swift in Sources */,
			);
			runOnlyForDeploymentPostprocessing = 0;
		};
/* End PBXSourcesBuildPhase section */

/* Begin PBXVariantGroup section */
		1546D39E1CA61A5100D8ECC5 /* Main.storyboard */ = {
			isa = PBXVariantGroup;
			children = (
				1546D39F1CA61A5100D8ECC5 /* Base */,
			);
			name = Main.storyboard;
			sourceTree = "<group>";
		};
		1546D3A31CA61A5100D8ECC5 /* LaunchScreen.storyboard */ = {
			isa = PBXVariantGroup;
			children = (
				1546D3A41CA61A5100D8ECC5 /* Base */,
			);
			name = LaunchScreen.storyboard;
			sourceTree = "<group>";
		};
/* End PBXVariantGroup section */

/* Begin XCBuildConfiguration section */
		1546D3A71CA61A5100D8ECC5 /* Debug */ = {
			isa = XCBuildConfiguration;
			buildSettings = {
				ALWAYS_SEARCH_USER_PATHS = NO;
				CLANG_CXX_LANGUAGE_STANDARD = "gnu++0x";
				CLANG_CXX_LIBRARY = "libc++";
				CLANG_ENABLE_MODULES = YES;
				CLANG_ENABLE_OBJC_ARC = YES;
				CLANG_WARN_BOOL_CONVERSION = YES;
				CLANG_WARN_CONSTANT_CONVERSION = YES;
				CLANG_WARN_DIRECT_OBJC_ISA_USAGE = YES_ERROR;
				CLANG_WARN_EMPTY_BODY = YES;
				CLANG_WARN_ENUM_CONVERSION = YES;
				CLANG_WARN_INT_CONVERSION = YES;
				CLANG_WARN_OBJC_ROOT_CLASS = YES_ERROR;
				CLANG_WARN_UNREACHABLE_CODE = YES;
				CLANG_WARN__DUPLICATE_METHOD_MATCH = YES;
				"CODE_SIGN_IDENTITY[sdk=iphoneos*]" = "iPhone Developer";
				COPY_PHASE_STRIP = NO;
				DEBUG_INFORMATION_FORMAT = dwarf;
				ENABLE_STRICT_OBJC_MSGSEND = YES;
				ENABLE_TESTABILITY = YES;
				GCC_C_LANGUAGE_STANDARD = gnu99;
				GCC_DYNAMIC_NO_PIC = NO;
				GCC_NO_COMMON_BLOCKS = YES;
				GCC_OPTIMIZATION_LEVEL = 0;
				GCC_PREPROCESSOR_DEFINITIONS = (
					"DEBUG=1",
					"$(inherited)",
				);
				GCC_WARN_64_TO_32_BIT_CONVERSION = YES;
				GCC_WARN_ABOUT_RETURN_TYPE = YES_ERROR;
				GCC_WARN_UNDECLARED_SELECTOR = YES;
				GCC_WARN_UNINITIALIZED_AUTOS = YES_AGGRESSIVE;
				GCC_WARN_UNUSED_FUNCTION = YES;
				GCC_WARN_UNUSED_VARIABLE = YES;
				IPHONEOS_DEPLOYMENT_TARGET = 9.2;
				MTL_ENABLE_DEBUG_INFO = YES;
				ONLY_ACTIVE_ARCH = YES;
				SDKROOT = iphoneos;
				SWIFT_OPTIMIZATION_LEVEL = "-Onone";
			};
			name = Debug;
		};
		1546D3A81CA61A5100D8ECC5 /* Release */ = {
			isa = XCBuildConfiguration;
			buildSettings = {
				ALWAYS_SEARCH_USER_PATHS = NO;
				CLANG_CXX_LANGUAGE_STANDARD = "gnu++0x";
				CLANG_CXX_LIBRARY = "libc++";
				CLANG_ENABLE_MODULES = YES;
				CLANG_ENABLE_OBJC_ARC = YES;
				CLANG_WARN_BOOL_CONVERSION = YES;
				CLANG_WARN_CONSTANT_CONVERSION = YES;
				CLANG_WARN_DIRECT_OBJC_ISA_USAGE = YES_ERROR;
				CLANG_WARN_EMPTY_BODY = YES;
				CLANG_WARN_ENUM_CONVERSION = YES;
				CLANG_WARN_INT_CONVERSION = YES;
				CLANG_WARN_OBJC_ROOT_CLASS = YES_ERROR;
				CLANG_WARN_UNREACHABLE_CODE = YES;
				CLANG_WARN__DUPLICATE_METHOD_MATCH = YES;
				"CODE_SIGN_IDENTITY[sdk=iphoneos*]" = "iPhone Developer";
				COPY_PHASE_STRIP = NO;
				DEBUG_INFORMATION_FORMAT = "dwarf-with-dsym";
				ENABLE_NS_ASSERTIONS = NO;
				ENABLE_STRICT_OBJC_MSGSEND = YES;
				GCC_C_LANGUAGE_STANDARD = gnu99;
				GCC_NO_COMMON_BLOCKS = YES;
				GCC_WARN_64_TO_32_BIT_CONVERSION = YES;
				GCC_WARN_ABOUT_RETURN_TYPE = YES_ERROR;
				GCC_WARN_UNDECLARED_SELECTOR = YES;
				GCC_WARN_UNINITIALIZED_AUTOS = YES_AGGRESSIVE;
				GCC_WARN_UNUSED_FUNCTION = YES;
				GCC_WARN_UNUSED_VARIABLE = YES;
				IPHONEOS_DEPLOYMENT_TARGET = 9.2;
				MTL_ENABLE_DEBUG_INFO = NO;
				SDKROOT = iphoneos;
				VALIDATE_PRODUCT = YES;
			};
			name = Release;
		};
		1546D3AA1CA61A5100D8ECC5 /* Debug */ = {
			isa = XCBuildConfiguration;
			buildSettings = {
				ASSETCATALOG_COMPILER_APPICON_NAME = AppIcon;
				CLANG_ENABLE_MODULES = YES;
				CODE_SIGN_IDENTITY = "iPhone Developer";
				"CODE_SIGN_IDENTITY[sdk=iphoneos*]" = "iPhone Developer";
				FRAMEWORK_SEARCH_PATHS = (
					"$(inherited)",
					"$(PROJECT_DIR)/Carthage/Build/iOS",
				);
				INFOPLIST_FILE = Emojr/Info.plist;
				LD_RUNPATH_SEARCH_PATHS = "$(inherited) @executable_path/Frameworks";
				PRODUCT_BUNDLE_IDENTIFIER = com.josephpecoraro.Emojr;
				PRODUCT_NAME = "$(TARGET_NAME)";
				PROVISIONING_PROFILE = "";
				SWIFT_OBJC_BRIDGING_HEADER = "Emojr-Bridging-Header.h";
				SWIFT_OPTIMIZATION_LEVEL = "-Onone";
			};
			name = Debug;
		};
		1546D3AB1CA61A5100D8ECC5 /* Release */ = {
			isa = XCBuildConfiguration;
			buildSettings = {
				ASSETCATALOG_COMPILER_APPICON_NAME = AppIcon;
				CLANG_ENABLE_MODULES = YES;
				CODE_SIGN_IDENTITY = "iPhone Developer";
				"CODE_SIGN_IDENTITY[sdk=iphoneos*]" = "iPhone Developer";
				FRAMEWORK_SEARCH_PATHS = (
					"$(inherited)",
					"$(PROJECT_DIR)/Carthage/Build/iOS",
				);
				INFOPLIST_FILE = Emojr/Info.plist;
				LD_RUNPATH_SEARCH_PATHS = "$(inherited) @executable_path/Frameworks";
				PRODUCT_BUNDLE_IDENTIFIER = com.josephpecoraro.Emojr;
				PRODUCT_NAME = "$(TARGET_NAME)";
				PROVISIONING_PROFILE = "";
				SWIFT_OBJC_BRIDGING_HEADER = "Emojr-Bridging-Header.h";
			};
			name = Release;
		};
/* End XCBuildConfiguration section */

/* Begin XCConfigurationList section */
		1546D3921CA61A5100D8ECC5 /* Build configuration list for PBXProject "Emojr" */ = {
			isa = XCConfigurationList;
			buildConfigurations = (
				1546D3A71CA61A5100D8ECC5 /* Debug */,
				1546D3A81CA61A5100D8ECC5 /* Release */,
			);
			defaultConfigurationIsVisible = 0;
			defaultConfigurationName = Release;
		};
		1546D3A91CA61A5100D8ECC5 /* Build configuration list for PBXNativeTarget "Emojr" */ = {
			isa = XCConfigurationList;
			buildConfigurations = (
				1546D3AA1CA61A5100D8ECC5 /* Debug */,
				1546D3AB1CA61A5100D8ECC5 /* Release */,
			);
			defaultConfigurationIsVisible = 0;
			defaultConfigurationName = Release;
		};
/* End XCConfigurationList section */
	};
	rootObject = 1546D38F1CA61A5100D8ECC5 /* Project object */;
}
