// !$*UTF8*$!
{
	archiveVersion = 1;
	classes = {
	};
	objectVersion = 46;
	objects = {

/* Begin PBXBuildFile section */
		15313C3B1CC94C9200745760 /* AccountViewController.swift in Sources */ = {isa = PBXBuildFile; fileRef = 15313C3A1CC94C9200745760 /* AccountViewController.swift */; };
		15313C3D1CC9814A00745760 /* MainTabController.swift in Sources */ = {isa = PBXBuildFile; fileRef = 15313C3C1CC9814A00745760 /* MainTabController.swift */; };
		15313C3F1CC9921400745760 /* FollowUserManager.swift in Sources */ = {isa = PBXBuildFile; fileRef = 15313C3E1CC9921400745760 /* FollowUserManager.swift */; };
		15313DC51D0749E2006E738A /* DiscoverViewController.swift in Sources */ = {isa = PBXBuildFile; fileRef = 15313DC41D0749E2006E738A /* DiscoverViewController.swift */; };
		15313DC71D07B0FF006E738A /* UserListViewController.swift in Sources */ = {isa = PBXBuildFile; fileRef = 15313DC61D07B0FF006E738A /* UserListViewController.swift */; };
		15313DCC1D07B54F006E738A /* UserTableViewCell.xib in Resources */ = {isa = PBXBuildFile; fileRef = 15313DCB1D07B54F006E738A /* UserTableViewCell.xib */; };
		15313DCE1D07B5D3006E738A /* UserTableViewCell.swift in Sources */ = {isa = PBXBuildFile; fileRef = 15313DCD1D07B5D3006E738A /* UserTableViewCell.swift */; };
		15313DD41D07C34C006E738A /* AddUsersViewController.swift in Sources */ = {isa = PBXBuildFile; fileRef = 15313DD31D07C34C006E738A /* AddUsersViewController.swift */; };
		15313DD61D08934B006E738A /* InitialSetupViewController.swift in Sources */ = {isa = PBXBuildFile; fileRef = 15313DD51D08934B006E738A /* InitialSetupViewController.swift */; };
		153299C91E8B662A003E0935 /* Log.swift in Sources */ = {isa = PBXBuildFile; fileRef = 153299C81E8B662A003E0935 /* Log.swift */; };
		153299CA1E8B6654003E0935 /* Log.swift in Sources */ = {isa = PBXBuildFile; fileRef = 153299C81E8B662A003E0935 /* Log.swift */; };
		153299CD1E8B67F5003E0935 /* emoji-parser.py in Resources */ = {isa = PBXBuildFile; fileRef = 153299CB1E8B67F5003E0935 /* emoji-parser.py */; };
		153299CE1E8B67F5003E0935 /* emoji.json in Resources */ = {isa = PBXBuildFile; fileRef = 153299CC1E8B67F5003E0935 /* emoji.json */; };
		153299D21E8B6A11003E0935 /* emoji-emoji-keys.json in Resources */ = {isa = PBXBuildFile; fileRef = 153299CF1E8B6A11003E0935 /* emoji-emoji-keys.json */; };
		153299D31E8B6A11003E0935 /* emoji-emoji-keys.json in Resources */ = {isa = PBXBuildFile; fileRef = 153299CF1E8B6A11003E0935 /* emoji-emoji-keys.json */; };
		153299D41E8B6A11003E0935 /* emoji-name-keys.json in Resources */ = {isa = PBXBuildFile; fileRef = 153299D01E8B6A11003E0935 /* emoji-name-keys.json */; };
		153299D51E8B6A11003E0935 /* emoji-name-keys.json in Resources */ = {isa = PBXBuildFile; fileRef = 153299D01E8B6A11003E0935 /* emoji-name-keys.json */; };
		153299D61E8B6A11003E0935 /* emoji-names.json in Resources */ = {isa = PBXBuildFile; fileRef = 153299D11E8B6A11003E0935 /* emoji-names.json */; };
		153299D71E8B6A11003E0935 /* emoji-names.json in Resources */ = {isa = PBXBuildFile; fileRef = 153299D11E8B6A11003E0935 /* emoji-names.json */; };
		153299D91E8B6A5C003E0935 /* emoji-complex.json in Resources */ = {isa = PBXBuildFile; fileRef = 153299D81E8B6A5C003E0935 /* emoji-complex.json */; };
		153299DA1E8B6A5C003E0935 /* emoji-complex.json in Resources */ = {isa = PBXBuildFile; fileRef = 153299D81E8B6A5C003E0935 /* emoji-complex.json */; };
		15454DF11CA7E00900A520D1 /* UICKeyChainStore.m in Sources */ = {isa = PBXBuildFile; fileRef = 15454DF01CA7E00900A520D1 /* UICKeyChainStore.m */; };
		15454DF31CA7EAF900A520D1 /* FollowingViewController.swift in Sources */ = {isa = PBXBuildFile; fileRef = 15454DF21CA7EAF900A520D1 /* FollowingViewController.swift */; };
		15454DF71CA808BB00A520D1 /* FollowerViewController.swift in Sources */ = {isa = PBXBuildFile; fileRef = 15454DF61CA808BB00A520D1 /* FollowerViewController.swift */; };
		15454DF91CA80CAC00A520D1 /* SignUpViewController.swift in Sources */ = {isa = PBXBuildFile; fileRef = 15454DF81CA80CAC00A520D1 /* SignUpViewController.swift */; };
		1546D39B1CA61A5100D8ECC5 /* AppDelegate.swift in Sources */ = {isa = PBXBuildFile; fileRef = 1546D39A1CA61A5100D8ECC5 /* AppDelegate.swift */; };
		1546D3A01CA61A5100D8ECC5 /* Main.storyboard in Resources */ = {isa = PBXBuildFile; fileRef = 1546D39E1CA61A5100D8ECC5 /* Main.storyboard */; };
		1546D3A21CA61A5100D8ECC5 /* Assets.xcassets in Resources */ = {isa = PBXBuildFile; fileRef = 1546D3A11CA61A5100D8ECC5 /* Assets.xcassets */; };
		1546D3A51CA61A5100D8ECC5 /* LaunchScreen.storyboard in Resources */ = {isa = PBXBuildFile; fileRef = 1546D3A31CA61A5100D8ECC5 /* LaunchScreen.storyboard */; };
		157079101CA6299500043676 /* User.swift in Sources */ = {isa = PBXBuildFile; fileRef = 1570790F1CA6299500043676 /* User.swift */; };
		157664201EA5A22600CCD586 /* EmojiTextInputVC.swift in Sources */ = {isa = PBXBuildFile; fileRef = 1576641F1EA5A22600CCD586 /* EmojiTextInputVC.swift */; };
		1589F8871D1CEFDE00451912 /* EmojiValidator.swift in Sources */ = {isa = PBXBuildFile; fileRef = 1589F8861D1CEFDE00451912 /* EmojiValidator.swift */; };
		1589F8981D27556600451912 /* EmojiValidationTests.swift in Sources */ = {isa = PBXBuildFile; fileRef = 1589F8971D27556600451912 /* EmojiValidationTests.swift */; };
		1589F89F1D27597D00451912 /* EmojiValidator.swift in Sources */ = {isa = PBXBuildFile; fileRef = 1589F8861D1CEFDE00451912 /* EmojiValidator.swift */; };
		1589F8A21D275CA800451912 /* UIColor+Hex.swift in Sources */ = {isa = PBXBuildFile; fileRef = 15AA50181CA6392F0066CAB9 /* UIColor+Hex.swift */; };
		1589F8A31D275CAB00451912 /* Date+Comparisons.swift in Sources */ = {isa = PBXBuildFile; fileRef = 6EBDFF5E1CA7F35A0067B7CC /* Date+Comparisons.swift */; };
		1589F8A51D275F8900451912 /* EmojiSearchViewController.swift in Sources */ = {isa = PBXBuildFile; fileRef = 1589F8A41D275F8900451912 /* EmojiSearchViewController.swift */; };
		1589F8A81D278BA300451912 /* EmojiTextFieldManagerTests.swift in Sources */ = {isa = PBXBuildFile; fileRef = 1589F8A71D278BA300451912 /* EmojiTextFieldManagerTests.swift */; };
		1589F8AA1D2792C300451912 /* EmojiTextFieldInputManager.swift in Sources */ = {isa = PBXBuildFile; fileRef = 1589F8A91D2792C300451912 /* EmojiTextFieldInputManager.swift */; };
		1589F8AB1D2792F400451912 /* EmojiTextFieldInputManager.swift in Sources */ = {isa = PBXBuildFile; fileRef = 1589F8A91D2792C300451912 /* EmojiTextFieldInputManager.swift */; };
		15AA50101CA637780066CAB9 /* NetworkFacade.swift in Sources */ = {isa = PBXBuildFile; fileRef = 15AA500B1CA637780066CAB9 /* NetworkFacade.swift */; };
		15AA50111CA637780066CAB9 /* NetworkingAccessor.swift in Sources */ = {isa = PBXBuildFile; fileRef = 15AA500C1CA637780066CAB9 /* NetworkingAccessor.swift */; };
		15AA50121CA637780066CAB9 /* NetworkObjects.swift in Sources */ = {isa = PBXBuildFile; fileRef = 15AA500D1CA637780066CAB9 /* NetworkObjects.swift */; };
		15AA50161CA6383A0066CAB9 /* Constants.swift in Sources */ = {isa = PBXBuildFile; fileRef = 15AA50151CA6383A0066CAB9 /* Constants.swift */; };
		15AA50191CA6392F0066CAB9 /* UIColor+Hex.swift in Sources */ = {isa = PBXBuildFile; fileRef = 15AA50181CA6392F0066CAB9 /* UIColor+Hex.swift */; };
		15CC55201CEEA7D8006ABFE3 /* AnalyticsManager.swift in Sources */ = {isa = PBXBuildFile; fileRef = 15CC551F1CEEA7D8006ABFE3 /* AnalyticsManager.swift */; };
		15CC55221CF2B19B006ABFE3 /* LoadingTableViewCell.swift in Sources */ = {isa = PBXBuildFile; fileRef = 15CC55211CF2B19B006ABFE3 /* LoadingTableViewCell.swift */; };
		15DDD0F31D08BF2400E9649C /* LoginManager.swift in Sources */ = {isa = PBXBuildFile; fileRef = 15DDD0F21D08BF2400E9649C /* LoginManager.swift */; };
		15DDD0F51D09C49200E9649C /* LoadingTableViewCell.xib in Resources */ = {isa = PBXBuildFile; fileRef = 15DDD0F41D09C49200E9649C /* LoadingTableViewCell.xib */; };
		15DDD0F71D09C4AD00E9649C /* TimelineTableViewCell.xib in Resources */ = {isa = PBXBuildFile; fileRef = 15DDD0F61D09C4AD00E9649C /* TimelineTableViewCell.xib */; };
		15DDD1061D0A034500E9649C /* AGEmojiKeyBoardView.m in Sources */ = {isa = PBXBuildFile; fileRef = 15DDD1031D0A034500E9649C /* AGEmojiKeyBoardView.m */; };
		15DDD1071D0A034500E9649C /* AGEmojiPageView.m in Sources */ = {isa = PBXBuildFile; fileRef = 15DDD1051D0A034500E9649C /* AGEmojiPageView.m */; };
		15DDD1091D0A040E00E9649C /* EmojiKeyboard.swift in Sources */ = {isa = PBXBuildFile; fileRef = 15DDD1081D0A040E00E9649C /* EmojiKeyboard.swift */; };
		15DDD1131D0A352200E9649C /* EmojiCell.swift in Sources */ = {isa = PBXBuildFile; fileRef = 15DDD1121D0A352200E9649C /* EmojiCell.swift */; };
		15DDD1151D0A357200E9649C /* Emojis.swift in Sources */ = {isa = PBXBuildFile; fileRef = 15DDD1141D0A357200E9649C /* Emojis.swift */; };
		15FD8BCF1DDC193B00E89FD0 /* EmojisList.plist in Resources */ = {isa = PBXBuildFile; fileRef = 15FD8BCA1DDC193B00E89FD0 /* EmojisList.plist */; };
		4D1345B8681520699561FC55 /* Pods_EmojrTests.framework in Frameworks */ = {isa = PBXBuildFile; fileRef = 143BF52EB5C506BFE45E825B /* Pods_EmojrTests.framework */; };
		6E0F87B21EBC5357001EB092 /* LagFreeKeyboard.swift in Sources */ = {isa = PBXBuildFile; fileRef = 6E0F87B11EBC5357001EB092 /* LagFreeKeyboard.swift */; };
		6E142CCF1E5A98FE00DCF755 /* TimelineEnum.swift in Sources */ = {isa = PBXBuildFile; fileRef = 6E142CCE1E5A98FE00DCF755 /* TimelineEnum.swift */; };
		6E142CD41E5AE20A00DCF755 /* Date+ISO8601.swift in Sources */ = {isa = PBXBuildFile; fileRef = 6E142CD31E5AE20A00DCF755 /* Date+ISO8601.swift */; };
		6E5DBF721CABC494004D3088 /* String+Emoji.swift in Sources */ = {isa = PBXBuildFile; fileRef = 6E5DBF711CABC494004D3088 /* String+Emoji.swift */; };
		6EB38E571E84359300DE986C /* GoogleService-Info.plist in Resources */ = {isa = PBXBuildFile; fileRef = 6EB38E561E84359300DE986C /* GoogleService-Info.plist */; };
		6EBDFF5F1CA7F35A0067B7CC /* Date+Comparisons.swift in Sources */ = {isa = PBXBuildFile; fileRef = 6EBDFF5E1CA7F35A0067B7CC /* Date+Comparisons.swift */; };
		6EC717951E63C3B7008F5A29 /* FirebaseAccessor.swift in Sources */ = {isa = PBXBuildFile; fileRef = 6EC717941E63C3B7008F5A29 /* FirebaseAccessor.swift */; };
		6EC717971E6E9606008F5A29 /* UIView+ConstrainEdges.swift in Sources */ = {isa = PBXBuildFile; fileRef = 6EC717961E6E9606008F5A29 /* UIView+ConstrainEdges.swift */; };
		6ECCD7951CA714FA00F53AD5 /* TimelineViewController.swift in Sources */ = {isa = PBXBuildFile; fileRef = 6ECCD7941CA714FA00F53AD5 /* TimelineViewController.swift */; };
		6ECCD7971CA7152400F53AD5 /* TimelineTableViewCell.swift in Sources */ = {isa = PBXBuildFile; fileRef = 6ECCD7961CA7152400F53AD5 /* TimelineTableViewCell.swift */; };
		6ECCD79C1CA72C7600F53AD5 /* EmoteView.swift in Sources */ = {isa = PBXBuildFile; fileRef = 6ECCD79B1CA72C7600F53AD5 /* EmoteView.swift */; };
		6ECCD79E1CA72C8D00F53AD5 /* EmoteView.xib in Resources */ = {isa = PBXBuildFile; fileRef = 6ECCD79D1CA72C8D00F53AD5 /* EmoteView.xib */; };
		6ECCD7A21CA7724F00F53AD5 /* LoginViewController.swift in Sources */ = {isa = PBXBuildFile; fileRef = 6ECCD7A11CA7724F00F53AD5 /* LoginViewController.swift */; };
		6EE3DEF11DD80B5A00E32BA2 /* Router.swift in Sources */ = {isa = PBXBuildFile; fileRef = 6EE3DEF01DD80B5A00E32BA2 /* Router.swift */; };
		6EE3DEF31DD80B8E00E32BA2 /* RestAccessor.swift in Sources */ = {isa = PBXBuildFile; fileRef = 6EE3DEF21DD80B8E00E32BA2 /* RestAccessor.swift */; };
		6EE3DF061DD87CD200E32BA2 /* NoDataView.xib in Resources */ = {isa = PBXBuildFile; fileRef = 6EE3DF041DD87CD200E32BA2 /* NoDataView.xib */; };
		6EE3DF081DD87DFC00E32BA2 /* NoDataView.swift in Sources */ = {isa = PBXBuildFile; fileRef = 6EE3DF071DD87DFC00E32BA2 /* NoDataView.swift */; };
		6EE8313D1EABF7C90026FEBB /* EmojiFlippinRefreshControl.swift in Sources */ = {isa = PBXBuildFile; fileRef = 6EE8313C1EABF7C90026FEBB /* EmojiFlippinRefreshControl.swift */; };
		6EE831431EAC0BB00026FEBB /* EmojiSearchView.swift in Sources */ = {isa = PBXBuildFile; fileRef = 6EE831421EAC0BB00026FEBB /* EmojiSearchView.swift */; };
		6EEB42E11E850CA5009C8852 /* GradientView.swift in Sources */ = {isa = PBXBuildFile; fileRef = 6EEB42E01E850CA5009C8852 /* GradientView.swift */; };
		6EF1EF471CB4D4A400992A2F /* TimelineTableViewDataSource.swift in Sources */ = {isa = PBXBuildFile; fileRef = 6EF1EF461CB4D4A400992A2F /* TimelineTableViewDataSource.swift */; };
		6EFFE45B1E8F41F300DEC38B /* EmojiSlotMachine.swift in Sources */ = {isa = PBXBuildFile; fileRef = 6EFFE45A1E8F41F300DEC38B /* EmojiSlotMachine.swift */; };
		8B32C938F62C9A11B9585182 /* Pods_Emojr.framework in Frameworks */ = {isa = PBXBuildFile; fileRef = 4C23387040CD72F4BABA8108 /* Pods_Emojr.framework */; };
/* End PBXBuildFile section */

/* Begin PBXContainerItemProxy section */
		1589F89A1D27556600451912 /* PBXContainerItemProxy */ = {
			isa = PBXContainerItemProxy;
			containerPortal = 1546D38F1CA61A5100D8ECC5 /* Project object */;
			proxyType = 1;
			remoteGlobalIDString = 1546D3961CA61A5100D8ECC5;
			remoteInfo = Emojr;
		};
/* End PBXContainerItemProxy section */

/* Begin PBXCopyFilesBuildPhase section */
		1546D3B81CA61D2B00D8ECC5 /* Embed Frameworks */ = {
			isa = PBXCopyFilesBuildPhase;
			buildActionMask = 2147483647;
			dstPath = "";
			dstSubfolderSpec = 10;
			files = (
			);
			name = "Embed Frameworks";
			runOnlyForDeploymentPostprocessing = 0;
		};
/* End PBXCopyFilesBuildPhase section */

/* Begin PBXFileReference section */
		143BF52EB5C506BFE45E825B /* Pods_EmojrTests.framework */ = {isa = PBXFileReference; explicitFileType = wrapper.framework; includeInIndex = 0; path = Pods_EmojrTests.framework; sourceTree = BUILT_PRODUCTS_DIR; };
		15313C3A1CC94C9200745760 /* AccountViewController.swift */ = {isa = PBXFileReference; fileEncoding = 4; lastKnownFileType = sourcecode.swift; path = AccountViewController.swift; sourceTree = "<group>"; };
		15313C3C1CC9814A00745760 /* MainTabController.swift */ = {isa = PBXFileReference; fileEncoding = 4; lastKnownFileType = sourcecode.swift; path = MainTabController.swift; sourceTree = "<group>"; };
		15313C3E1CC9921400745760 /* FollowUserManager.swift */ = {isa = PBXFileReference; fileEncoding = 4; lastKnownFileType = sourcecode.swift; path = FollowUserManager.swift; sourceTree = "<group>"; };
		15313DC41D0749E2006E738A /* DiscoverViewController.swift */ = {isa = PBXFileReference; fileEncoding = 4; lastKnownFileType = sourcecode.swift; path = DiscoverViewController.swift; sourceTree = "<group>"; };
		15313DC61D07B0FF006E738A /* UserListViewController.swift */ = {isa = PBXFileReference; fileEncoding = 4; lastKnownFileType = sourcecode.swift; path = UserListViewController.swift; sourceTree = "<group>"; };
		15313DCB1D07B54F006E738A /* UserTableViewCell.xib */ = {isa = PBXFileReference; fileEncoding = 4; lastKnownFileType = file.xib; path = UserTableViewCell.xib; sourceTree = "<group>"; };
		15313DCD1D07B5D3006E738A /* UserTableViewCell.swift */ = {isa = PBXFileReference; fileEncoding = 4; lastKnownFileType = sourcecode.swift; path = UserTableViewCell.swift; sourceTree = "<group>"; };
		15313DD31D07C34C006E738A /* AddUsersViewController.swift */ = {isa = PBXFileReference; fileEncoding = 4; lastKnownFileType = sourcecode.swift; path = AddUsersViewController.swift; sourceTree = "<group>"; };
		15313DD51D08934B006E738A /* InitialSetupViewController.swift */ = {isa = PBXFileReference; fileEncoding = 4; lastKnownFileType = sourcecode.swift; path = InitialSetupViewController.swift; sourceTree = "<group>"; };
		153299C81E8B662A003E0935 /* Log.swift */ = {isa = PBXFileReference; fileEncoding = 4; lastKnownFileType = sourcecode.swift; path = Log.swift; sourceTree = "<group>"; };
		153299CB1E8B67F5003E0935 /* emoji-parser.py */ = {isa = PBXFileReference; fileEncoding = 4; lastKnownFileType = text.script.python; path = "emoji-parser.py"; sourceTree = "<group>"; };
		153299CC1E8B67F5003E0935 /* emoji.json */ = {isa = PBXFileReference; fileEncoding = 4; lastKnownFileType = text.json; path = emoji.json; sourceTree = "<group>"; };
		153299CF1E8B6A11003E0935 /* emoji-emoji-keys.json */ = {isa = PBXFileReference; fileEncoding = 4; lastKnownFileType = text.json; path = "emoji-emoji-keys.json"; sourceTree = "<group>"; };
		153299D01E8B6A11003E0935 /* emoji-name-keys.json */ = {isa = PBXFileReference; fileEncoding = 4; lastKnownFileType = text.json; path = "emoji-name-keys.json"; sourceTree = "<group>"; };
		153299D11E8B6A11003E0935 /* emoji-names.json */ = {isa = PBXFileReference; fileEncoding = 4; lastKnownFileType = text.json; path = "emoji-names.json"; sourceTree = "<group>"; };
		153299D81E8B6A5C003E0935 /* emoji-complex.json */ = {isa = PBXFileReference; fileEncoding = 4; lastKnownFileType = text.json; path = "emoji-complex.json"; sourceTree = "<group>"; };
		15454DEE1CA7E00800A520D1 /* Emojr-Bridging-Header.h */ = {isa = PBXFileReference; lastKnownFileType = sourcecode.c.h; path = "Emojr-Bridging-Header.h"; sourceTree = "<group>"; };
		15454DEF1CA7E00900A520D1 /* UICKeyChainStore.h */ = {isa = PBXFileReference; fileEncoding = 4; lastKnownFileType = sourcecode.c.h; name = UICKeyChainStore.h; path = Emojr/UICKeyChainStore.h; sourceTree = "<group>"; };
		15454DF01CA7E00900A520D1 /* UICKeyChainStore.m */ = {isa = PBXFileReference; fileEncoding = 4; lastKnownFileType = sourcecode.c.objc; name = UICKeyChainStore.m; path = Emojr/UICKeyChainStore.m; sourceTree = "<group>"; };
		15454DF21CA7EAF900A520D1 /* FollowingViewController.swift */ = {isa = PBXFileReference; fileEncoding = 4; lastKnownFileType = sourcecode.swift; path = FollowingViewController.swift; sourceTree = "<group>"; };
		15454DF61CA808BB00A520D1 /* FollowerViewController.swift */ = {isa = PBXFileReference; fileEncoding = 4; lastKnownFileType = sourcecode.swift; path = FollowerViewController.swift; sourceTree = "<group>"; };
		15454DF81CA80CAC00A520D1 /* SignUpViewController.swift */ = {isa = PBXFileReference; fileEncoding = 4; lastKnownFileType = sourcecode.swift; path = SignUpViewController.swift; sourceTree = "<group>"; };
		1546D3971CA61A5100D8ECC5 /* Emojr.app */ = {isa = PBXFileReference; explicitFileType = wrapper.application; includeInIndex = 0; path = Emojr.app; sourceTree = BUILT_PRODUCTS_DIR; };
		1546D39A1CA61A5100D8ECC5 /* AppDelegate.swift */ = {isa = PBXFileReference; lastKnownFileType = sourcecode.swift; path = AppDelegate.swift; sourceTree = "<group>"; };
		1546D39F1CA61A5100D8ECC5 /* Base */ = {isa = PBXFileReference; lastKnownFileType = file.storyboard; name = Base; path = Base.lproj/Main.storyboard; sourceTree = "<group>"; };
		1546D3A11CA61A5100D8ECC5 /* Assets.xcassets */ = {isa = PBXFileReference; lastKnownFileType = folder.assetcatalog; path = Assets.xcassets; sourceTree = "<group>"; };
		1546D3A41CA61A5100D8ECC5 /* Base */ = {isa = PBXFileReference; lastKnownFileType = file.storyboard; name = Base; path = Base.lproj/LaunchScreen.storyboard; sourceTree = "<group>"; };
		1546D3A61CA61A5100D8ECC5 /* Info.plist */ = {isa = PBXFileReference; lastKnownFileType = text.plist.xml; path = Info.plist; sourceTree = "<group>"; };
		1570790F1CA6299500043676 /* User.swift */ = {isa = PBXFileReference; fileEncoding = 4; lastKnownFileType = sourcecode.swift; path = User.swift; sourceTree = "<group>"; };
		1576641F1EA5A22600CCD586 /* EmojiTextInputVC.swift */ = {isa = PBXFileReference; fileEncoding = 4; lastKnownFileType = sourcecode.swift; path = EmojiTextInputVC.swift; sourceTree = "<group>"; };
		1589F8861D1CEFDE00451912 /* EmojiValidator.swift */ = {isa = PBXFileReference; fileEncoding = 4; lastKnownFileType = sourcecode.swift; path = EmojiValidator.swift; sourceTree = "<group>"; };
		1589F8951D27556600451912 /* EmojrTests.xctest */ = {isa = PBXFileReference; explicitFileType = wrapper.cfbundle; includeInIndex = 0; path = EmojrTests.xctest; sourceTree = BUILT_PRODUCTS_DIR; };
		1589F8971D27556600451912 /* EmojiValidationTests.swift */ = {isa = PBXFileReference; lastKnownFileType = sourcecode.swift; path = EmojiValidationTests.swift; sourceTree = "<group>"; };
		1589F8991D27556600451912 /* Info.plist */ = {isa = PBXFileReference; lastKnownFileType = text.plist.xml; path = Info.plist; sourceTree = "<group>"; };
		1589F8A41D275F8900451912 /* EmojiSearchViewController.swift */ = {isa = PBXFileReference; fileEncoding = 4; lastKnownFileType = sourcecode.swift; path = EmojiSearchViewController.swift; sourceTree = "<group>"; };
		1589F8A71D278BA300451912 /* EmojiTextFieldManagerTests.swift */ = {isa = PBXFileReference; fileEncoding = 4; lastKnownFileType = sourcecode.swift; path = EmojiTextFieldManagerTests.swift; sourceTree = "<group>"; };
		1589F8A91D2792C300451912 /* EmojiTextFieldInputManager.swift */ = {isa = PBXFileReference; fileEncoding = 4; lastKnownFileType = sourcecode.swift; path = EmojiTextFieldInputManager.swift; sourceTree = "<group>"; };
		15AA500B1CA637780066CAB9 /* NetworkFacade.swift */ = {isa = PBXFileReference; fileEncoding = 4; lastKnownFileType = sourcecode.swift; path = NetworkFacade.swift; sourceTree = "<group>"; };
		15AA500C1CA637780066CAB9 /* NetworkingAccessor.swift */ = {isa = PBXFileReference; fileEncoding = 4; lastKnownFileType = sourcecode.swift; path = NetworkingAccessor.swift; sourceTree = "<group>"; };
		15AA500D1CA637780066CAB9 /* NetworkObjects.swift */ = {isa = PBXFileReference; fileEncoding = 4; lastKnownFileType = sourcecode.swift; path = NetworkObjects.swift; sourceTree = "<group>"; };
		15AA50151CA6383A0066CAB9 /* Constants.swift */ = {isa = PBXFileReference; fileEncoding = 4; lastKnownFileType = sourcecode.swift; path = Constants.swift; sourceTree = "<group>"; };
		15AA50181CA6392F0066CAB9 /* UIColor+Hex.swift */ = {isa = PBXFileReference; fileEncoding = 4; lastKnownFileType = sourcecode.swift; path = "UIColor+Hex.swift"; sourceTree = "<group>"; };
		15CC551F1CEEA7D8006ABFE3 /* AnalyticsManager.swift */ = {isa = PBXFileReference; fileEncoding = 4; lastKnownFileType = sourcecode.swift; path = AnalyticsManager.swift; sourceTree = "<group>"; };
		15CC55211CF2B19B006ABFE3 /* LoadingTableViewCell.swift */ = {isa = PBXFileReference; fileEncoding = 4; lastKnownFileType = sourcecode.swift; path = LoadingTableViewCell.swift; sourceTree = "<group>"; };
		15DDD0F21D08BF2400E9649C /* LoginManager.swift */ = {isa = PBXFileReference; fileEncoding = 4; lastKnownFileType = sourcecode.swift; path = LoginManager.swift; sourceTree = "<group>"; };
		15DDD0F41D09C49200E9649C /* LoadingTableViewCell.xib */ = {isa = PBXFileReference; fileEncoding = 4; lastKnownFileType = file.xib; path = LoadingTableViewCell.xib; sourceTree = "<group>"; };
		15DDD0F61D09C4AD00E9649C /* TimelineTableViewCell.xib */ = {isa = PBXFileReference; fileEncoding = 4; lastKnownFileType = file.xib; path = TimelineTableViewCell.xib; sourceTree = "<group>"; };
		15DDD1021D0A034500E9649C /* AGEmojiKeyBoardView.h */ = {isa = PBXFileReference; fileEncoding = 4; lastKnownFileType = sourcecode.c.h; path = AGEmojiKeyBoardView.h; sourceTree = "<group>"; };
		15DDD1031D0A034500E9649C /* AGEmojiKeyBoardView.m */ = {isa = PBXFileReference; fileEncoding = 4; lastKnownFileType = sourcecode.c.objc; path = AGEmojiKeyBoardView.m; sourceTree = "<group>"; };
		15DDD1041D0A034500E9649C /* AGEmojiPageView.h */ = {isa = PBXFileReference; fileEncoding = 4; lastKnownFileType = sourcecode.c.h; path = AGEmojiPageView.h; sourceTree = "<group>"; };
		15DDD1051D0A034500E9649C /* AGEmojiPageView.m */ = {isa = PBXFileReference; fileEncoding = 4; lastKnownFileType = sourcecode.c.objc; path = AGEmojiPageView.m; sourceTree = "<group>"; };
		15DDD1081D0A040E00E9649C /* EmojiKeyboard.swift */ = {isa = PBXFileReference; fileEncoding = 4; lastKnownFileType = sourcecode.swift; path = EmojiKeyboard.swift; sourceTree = "<group>"; };
		15DDD1121D0A352200E9649C /* EmojiCell.swift */ = {isa = PBXFileReference; fileEncoding = 4; lastKnownFileType = sourcecode.swift; path = EmojiCell.swift; sourceTree = "<group>"; };
		15DDD1141D0A357200E9649C /* Emojis.swift */ = {isa = PBXFileReference; fileEncoding = 4; lastKnownFileType = sourcecode.swift; path = Emojis.swift; sourceTree = "<group>"; };
		15FD8BCA1DDC193B00E89FD0 /* EmojisList.plist */ = {isa = PBXFileReference; fileEncoding = 4; lastKnownFileType = text.plist.xml; path = EmojisList.plist; sourceTree = "<group>"; };
		37062FCADB52429ED592A680 /* Pods-Emojr.release.xcconfig */ = {isa = PBXFileReference; includeInIndex = 1; lastKnownFileType = text.xcconfig; name = "Pods-Emojr.release.xcconfig"; path = "Pods/Target Support Files/Pods-Emojr/Pods-Emojr.release.xcconfig"; sourceTree = "<group>"; };
		38BD419BFA916E0C88BF8161 /* Pods-EmojrTests.debug.xcconfig */ = {isa = PBXFileReference; includeInIndex = 1; lastKnownFileType = text.xcconfig; name = "Pods-EmojrTests.debug.xcconfig"; path = "Pods/Target Support Files/Pods-EmojrTests/Pods-EmojrTests.debug.xcconfig"; sourceTree = "<group>"; };
		4C23387040CD72F4BABA8108 /* Pods_Emojr.framework */ = {isa = PBXFileReference; explicitFileType = wrapper.framework; includeInIndex = 0; path = Pods_Emojr.framework; sourceTree = BUILT_PRODUCTS_DIR; };
		66A3FCCC4D254503579CAF9F /* Pods-EmojrTests.release.xcconfig */ = {isa = PBXFileReference; includeInIndex = 1; lastKnownFileType = text.xcconfig; name = "Pods-EmojrTests.release.xcconfig"; path = "Pods/Target Support Files/Pods-EmojrTests/Pods-EmojrTests.release.xcconfig"; sourceTree = "<group>"; };
		6E0F87B11EBC5357001EB092 /* LagFreeKeyboard.swift */ = {isa = PBXFileReference; fileEncoding = 4; lastKnownFileType = sourcecode.swift; path = LagFreeKeyboard.swift; sourceTree = "<group>"; };
		6E142CCE1E5A98FE00DCF755 /* TimelineEnum.swift */ = {isa = PBXFileReference; fileEncoding = 4; lastKnownFileType = sourcecode.swift; path = TimelineEnum.swift; sourceTree = "<group>"; };
		6E142CD31E5AE20A00DCF755 /* Date+ISO8601.swift */ = {isa = PBXFileReference; fileEncoding = 4; lastKnownFileType = sourcecode.swift; path = "Date+ISO8601.swift"; sourceTree = "<group>"; };
		6E5DBF711CABC494004D3088 /* String+Emoji.swift */ = {isa = PBXFileReference; fileEncoding = 4; lastKnownFileType = sourcecode.swift; path = "String+Emoji.swift"; sourceTree = "<group>"; };
		6EB38E561E84359300DE986C /* GoogleService-Info.plist */ = {isa = PBXFileReference; fileEncoding = 4; lastKnownFileType = text.plist.xml; path = "GoogleService-Info.plist"; sourceTree = "<group>"; };
		6EBDFF5E1CA7F35A0067B7CC /* Date+Comparisons.swift */ = {isa = PBXFileReference; fileEncoding = 4; lastKnownFileType = sourcecode.swift; path = "Date+Comparisons.swift"; sourceTree = "<group>"; };
		6EC717941E63C3B7008F5A29 /* FirebaseAccessor.swift */ = {isa = PBXFileReference; fileEncoding = 4; lastKnownFileType = sourcecode.swift; path = FirebaseAccessor.swift; sourceTree = "<group>"; };
		6EC717961E6E9606008F5A29 /* UIView+ConstrainEdges.swift */ = {isa = PBXFileReference; fileEncoding = 4; lastKnownFileType = sourcecode.swift; path = "UIView+ConstrainEdges.swift"; sourceTree = "<group>"; };
		6ECCD7941CA714FA00F53AD5 /* TimelineViewController.swift */ = {isa = PBXFileReference; fileEncoding = 4; lastKnownFileType = sourcecode.swift; path = TimelineViewController.swift; sourceTree = "<group>"; };
		6ECCD7961CA7152400F53AD5 /* TimelineTableViewCell.swift */ = {isa = PBXFileReference; fileEncoding = 4; lastKnownFileType = sourcecode.swift; path = TimelineTableViewCell.swift; sourceTree = "<group>"; };
		6ECCD79B1CA72C7600F53AD5 /* EmoteView.swift */ = {isa = PBXFileReference; fileEncoding = 4; lastKnownFileType = sourcecode.swift; path = EmoteView.swift; sourceTree = "<group>"; };
		6ECCD79D1CA72C8D00F53AD5 /* EmoteView.xib */ = {isa = PBXFileReference; fileEncoding = 4; lastKnownFileType = file.xib; path = EmoteView.xib; sourceTree = "<group>"; };
		6ECCD7A11CA7724F00F53AD5 /* LoginViewController.swift */ = {isa = PBXFileReference; fileEncoding = 4; lastKnownFileType = sourcecode.swift; path = LoginViewController.swift; sourceTree = "<group>"; };
		6EE3DEF01DD80B5A00E32BA2 /* Router.swift */ = {isa = PBXFileReference; fileEncoding = 4; lastKnownFileType = sourcecode.swift; path = Router.swift; sourceTree = "<group>"; };
		6EE3DEF21DD80B8E00E32BA2 /* RestAccessor.swift */ = {isa = PBXFileReference; fileEncoding = 4; lastKnownFileType = sourcecode.swift; path = RestAccessor.swift; sourceTree = "<group>"; };
		6EE3DF051DD87CD200E32BA2 /* Base */ = {isa = PBXFileReference; lastKnownFileType = file.xib; name = Base; path = Base.lproj/NoDataView.xib; sourceTree = "<group>"; };
		6EE3DF071DD87DFC00E32BA2 /* NoDataView.swift */ = {isa = PBXFileReference; fileEncoding = 4; lastKnownFileType = sourcecode.swift; path = NoDataView.swift; sourceTree = "<group>"; };
		6EE8313C1EABF7C90026FEBB /* EmojiFlippinRefreshControl.swift */ = {isa = PBXFileReference; fileEncoding = 4; lastKnownFileType = sourcecode.swift; path = EmojiFlippinRefreshControl.swift; sourceTree = "<group>"; };
		6EE831421EAC0BB00026FEBB /* EmojiSearchView.swift */ = {isa = PBXFileReference; fileEncoding = 4; lastKnownFileType = sourcecode.swift; path = EmojiSearchView.swift; sourceTree = "<group>"; };
		6EEB42E01E850CA5009C8852 /* GradientView.swift */ = {isa = PBXFileReference; fileEncoding = 4; lastKnownFileType = sourcecode.swift; path = GradientView.swift; sourceTree = "<group>"; };
		6EF1EF461CB4D4A400992A2F /* TimelineTableViewDataSource.swift */ = {isa = PBXFileReference; fileEncoding = 4; lastKnownFileType = sourcecode.swift; path = TimelineTableViewDataSource.swift; sourceTree = "<group>"; };
		6EFFE45A1E8F41F300DEC38B /* EmojiSlotMachine.swift */ = {isa = PBXFileReference; fileEncoding = 4; lastKnownFileType = sourcecode.swift; path = EmojiSlotMachine.swift; sourceTree = "<group>"; };
		8E85AC212451C31A7B846FDE /* Pods-Emojr.debug.xcconfig */ = {isa = PBXFileReference; includeInIndex = 1; lastKnownFileType = text.xcconfig; name = "Pods-Emojr.debug.xcconfig"; path = "Pods/Target Support Files/Pods-Emojr/Pods-Emojr.debug.xcconfig"; sourceTree = "<group>"; };
/* End PBXFileReference section */

/* Begin PBXFrameworksBuildPhase section */
		1546D3941CA61A5100D8ECC5 /* Frameworks */ = {
			isa = PBXFrameworksBuildPhase;
			buildActionMask = 2147483647;
			files = (
				8B32C938F62C9A11B9585182 /* Pods_Emojr.framework in Frameworks */,
			);
			runOnlyForDeploymentPostprocessing = 0;
		};
		1589F8921D27556600451912 /* Frameworks */ = {
			isa = PBXFrameworksBuildPhase;
			buildActionMask = 2147483647;
			files = (
				4D1345B8681520699561FC55 /* Pods_EmojrTests.framework in Frameworks */,
			);
			runOnlyForDeploymentPostprocessing = 0;
		};
/* End PBXFrameworksBuildPhase section */

/* Begin PBXGroup section */
		15313C371CC9499000745760 /* Login Management */ = {
			isa = PBXGroup;
			children = (
				15313DD51D08934B006E738A /* InitialSetupViewController.swift */,
				6ECCD7A11CA7724F00F53AD5 /* LoginViewController.swift */,
				15454DF81CA80CAC00A520D1 /* SignUpViewController.swift */,
				15313C3C1CC9814A00745760 /* MainTabController.swift */,
				15DDD0F21D08BF2400E9649C /* LoginManager.swift */,
			);
			name = "Login Management";
			sourceTree = "<group>";
		};
		15313DCF1D07BE4B006E738A /* Account */ = {
			isa = PBXGroup;
			children = (
				15313C3A1CC94C9200745760 /* AccountViewController.swift */,
			);
			name = Account;
			sourceTree = "<group>";
		};
		15313DD01D07BEB0006E738A /* Emote Feeds */ = {
			isa = PBXGroup;
			children = (
				6E142CD01E5A9EC500DCF755 /* DataSource */,
				15313DD21D07BFA5006E738A /* Views */,
				6ECCD7941CA714FA00F53AD5 /* TimelineViewController.swift */,
				15313DC41D0749E2006E738A /* DiscoverViewController.swift */,
				6E142CCE1E5A98FE00DCF755 /* TimelineEnum.swift */,
			);
			name = "Emote Feeds";
			sourceTree = "<group>";
		};
		15313DD11D07BF3E006E738A /* Utilities */ = {
			isa = PBXGroup;
			children = (
				15AA50151CA6383A0066CAB9 /* Constants.swift */,
				6EEB42E01E850CA5009C8852 /* GradientView.swift */,
				153299C81E8B662A003E0935 /* Log.swift */,
				6E0F87B11EBC5357001EB092 /* LagFreeKeyboard.swift */,
			);
			name = Utilities;
			sourceTree = "<group>";
		};
		15313DD21D07BFA5006E738A /* Views */ = {
			isa = PBXGroup;
			children = (
				6ECCD79B1CA72C7600F53AD5 /* EmoteView.swift */,
				6ECCD79D1CA72C8D00F53AD5 /* EmoteView.xib */,
				15CC55211CF2B19B006ABFE3 /* LoadingTableViewCell.swift */,
				15DDD0F41D09C49200E9649C /* LoadingTableViewCell.xib */,
				6ECCD7961CA7152400F53AD5 /* TimelineTableViewCell.swift */,
				15DDD0F61D09C4AD00E9649C /* TimelineTableViewCell.xib */,
				6EE3DF041DD87CD200E32BA2 /* NoDataView.xib */,
				6EE3DF071DD87DFC00E32BA2 /* NoDataView.swift */,
				6EFFE45A1E8F41F300DEC38B /* EmojiSlotMachine.swift */,
				6EE8313C1EABF7C90026FEBB /* EmojiFlippinRefreshControl.swift */,
			);
			name = Views;
			sourceTree = "<group>";
		};
		1546D38E1CA61A5100D8ECC5 = {
			isa = PBXGroup;
			children = (
				1546D3991CA61A5100D8ECC5 /* Emojr */,
				1546D3B91CA61D3100D8ECC5 /* Libraries */,
				1589F8961D27556600451912 /* EmojrTests */,
				1546D3981CA61A5100D8ECC5 /* Products */,
				21C029389D7F4BC81C793A80 /* Pods */,
				17FABC812C92CBE40D6301F6 /* Frameworks */,
			);
			sourceTree = "<group>";
		};
		1546D3981CA61A5100D8ECC5 /* Products */ = {
			isa = PBXGroup;
			children = (
				1546D3971CA61A5100D8ECC5 /* Emojr.app */,
				1589F8951D27556600451912 /* EmojrTests.xctest */,
			);
			name = Products;
			sourceTree = "<group>";
		};
		1546D3991CA61A5100D8ECC5 /* Emojr */ = {
			isa = PBXGroup;
			children = (
				1546D39A1CA61A5100D8ECC5 /* AppDelegate.swift */,
				15313DD11D07BF3E006E738A /* Utilities */,
				15AA50171CA638F50066CAB9 /* Class Extensions */,
				6EF1EF4A1CB4EE5000992A2F /* Singletons and Managers */,
				1546D3BA1CA61D4D00D8ECC5 /* Networking */,
				15313C371CC9499000745760 /* Login Management */,
				15313DD01D07BEB0006E738A /* Emote Feeds */,
				6EEB42DF1E85043F009C8852 /* User Feeds */,
				15313DCF1D07BE4B006E738A /* Account */,
				1589F8851D1CEFBE00451912 /* EmojiKeyboard */,
				15DDD1111D0A34FF00E9649C /* DeprecatedEmojiKeyboard */,
				1546D39E1CA61A5100D8ECC5 /* Main.storyboard */,
				1546D3A31CA61A5100D8ECC5 /* LaunchScreen.storyboard */,
				1546D3A11CA61A5100D8ECC5 /* Assets.xcassets */,
				6EB38E561E84359300DE986C /* GoogleService-Info.plist */,
				1546D3A61CA61A5100D8ECC5 /* Info.plist */,
			);
			path = Emojr;
			sourceTree = "<group>";
		};
		1546D3B91CA61D3100D8ECC5 /* Libraries */ = {
			isa = PBXGroup;
			children = (
				6E18F6B41CAC439C00696CC5 /* AGEmojiKeyBoard */,
				15454DEF1CA7E00900A520D1 /* UICKeyChainStore.h */,
				15454DF01CA7E00900A520D1 /* UICKeyChainStore.m */,
				15454DEE1CA7E00800A520D1 /* Emojr-Bridging-Header.h */,
			);
			name = Libraries;
			sourceTree = "<group>";
		};
		1546D3BA1CA61D4D00D8ECC5 /* Networking */ = {
			isa = PBXGroup;
			children = (
				15AA500B1CA637780066CAB9 /* NetworkFacade.swift */,
				15AA500C1CA637780066CAB9 /* NetworkingAccessor.swift */,
				15AA500D1CA637780066CAB9 /* NetworkObjects.swift */,
				6EE3DEF01DD80B5A00E32BA2 /* Router.swift */,
				6EE3DEF21DD80B8E00E32BA2 /* RestAccessor.swift */,
				6EC717941E63C3B7008F5A29 /* FirebaseAccessor.swift */,
			);
			name = Networking;
			sourceTree = "<group>";
		};
		1589F8851D1CEFBE00451912 /* EmojiKeyboard */ = {
			isa = PBXGroup;
			children = (
				6E5DBF711CABC494004D3088 /* String+Emoji.swift */,
				15FD8BC51DDC193B00E89FD0 /* Emoji Files */,
				1589F8861D1CEFDE00451912 /* EmojiValidator.swift */,
				1589F8A41D275F8900451912 /* EmojiSearchViewController.swift */,
				6EE831421EAC0BB00026FEBB /* EmojiSearchView.swift */,
				1589F8A91D2792C300451912 /* EmojiTextFieldInputManager.swift */,
				1576641F1EA5A22600CCD586 /* EmojiTextInputVC.swift */,
			);
			name = EmojiKeyboard;
			sourceTree = "<group>";
		};
		1589F8961D27556600451912 /* EmojrTests */ = {
			isa = PBXGroup;
			children = (
				1589F8971D27556600451912 /* EmojiValidationTests.swift */,
				1589F8A71D278BA300451912 /* EmojiTextFieldManagerTests.swift */,
				1589F8991D27556600451912 /* Info.plist */,
			);
			path = EmojrTests;
			sourceTree = "<group>";
		};
		15AA50171CA638F50066CAB9 /* Class Extensions */ = {
			isa = PBXGroup;
			children = (
				15AA50181CA6392F0066CAB9 /* UIColor+Hex.swift */,
				6EBDFF5E1CA7F35A0067B7CC /* Date+Comparisons.swift */,
				6E142CD31E5AE20A00DCF755 /* Date+ISO8601.swift */,
				6EC717961E6E9606008F5A29 /* UIView+ConstrainEdges.swift */,
			);
			name = "Class Extensions";
			sourceTree = "<group>";
		};
		15DDD1111D0A34FF00E9649C /* DeprecatedEmojiKeyboard */ = {
			isa = PBXGroup;
			children = (
				15DDD1081D0A040E00E9649C /* EmojiKeyboard.swift */,
				15DDD1121D0A352200E9649C /* EmojiCell.swift */,
				15DDD1141D0A357200E9649C /* Emojis.swift */,
			);
			name = DeprecatedEmojiKeyboard;
			sourceTree = "<group>";
		};
		15FD8BC51DDC193B00E89FD0 /* Emoji Files */ = {
			isa = PBXGroup;
			children = (
				153299CB1E8B67F5003E0935 /* emoji-parser.py */,
				153299CC1E8B67F5003E0935 /* emoji.json */,
				153299D11E8B6A11003E0935 /* emoji-names.json */,
				153299D01E8B6A11003E0935 /* emoji-name-keys.json */,
				153299CF1E8B6A11003E0935 /* emoji-emoji-keys.json */,
				153299D81E8B6A5C003E0935 /* emoji-complex.json */,
				15FD8BCA1DDC193B00E89FD0 /* EmojisList.plist */,
			);
			path = "Emoji Files";
			sourceTree = "<group>";
		};
		17FABC812C92CBE40D6301F6 /* Frameworks */ = {
			isa = PBXGroup;
			children = (
				4C23387040CD72F4BABA8108 /* Pods_Emojr.framework */,
				143BF52EB5C506BFE45E825B /* Pods_EmojrTests.framework */,
			);
			name = Frameworks;
			sourceTree = "<group>";
		};
		21C029389D7F4BC81C793A80 /* Pods */ = {
			isa = PBXGroup;
			children = (
				8E85AC212451C31A7B846FDE /* Pods-Emojr.debug.xcconfig */,
				37062FCADB52429ED592A680 /* Pods-Emojr.release.xcconfig */,
				38BD419BFA916E0C88BF8161 /* Pods-EmojrTests.debug.xcconfig */,
				66A3FCCC4D254503579CAF9F /* Pods-EmojrTests.release.xcconfig */,
			);
			name = Pods;
			sourceTree = "<group>";
		};
		6E142CD01E5A9EC500DCF755 /* DataSource */ = {
			isa = PBXGroup;
			children = (
				6EF1EF461CB4D4A400992A2F /* TimelineTableViewDataSource.swift */,
			);
			name = DataSource;
			sourceTree = "<group>";
		};
		6E18F6B41CAC439C00696CC5 /* AGEmojiKeyBoard */ = {
			isa = PBXGroup;
			children = (
				15DDD1021D0A034500E9649C /* AGEmojiKeyBoardView.h */,
				15DDD1031D0A034500E9649C /* AGEmojiKeyBoardView.m */,
				15DDD1041D0A034500E9649C /* AGEmojiPageView.h */,
				15DDD1051D0A034500E9649C /* AGEmojiPageView.m */,
			);
			name = AGEmojiKeyBoard;
			path = Emojr;
			sourceTree = "<group>";
		};
		6EEB42DF1E85043F009C8852 /* User Feeds */ = {
			isa = PBXGroup;
			children = (
				15313DC61D07B0FF006E738A /* UserListViewController.swift */,
				15454DF61CA808BB00A520D1 /* FollowerViewController.swift */,
				15454DF21CA7EAF900A520D1 /* FollowingViewController.swift */,
				15313DD31D07C34C006E738A /* AddUsersViewController.swift */,
				15313DCD1D07B5D3006E738A /* UserTableViewCell.swift */,
				15313DCB1D07B54F006E738A /* UserTableViewCell.xib */,
			);
			name = "User Feeds";
			sourceTree = "<group>";
		};
		6EF1EF4A1CB4EE5000992A2F /* Singletons and Managers */ = {
			isa = PBXGroup;
			children = (
				1570790F1CA6299500043676 /* User.swift */,
				15313C3E1CC9921400745760 /* FollowUserManager.swift */,
				15CC551F1CEEA7D8006ABFE3 /* AnalyticsManager.swift */,
			);
			name = "Singletons and Managers";
			sourceTree = "<group>";
		};
/* End PBXGroup section */

/* Begin PBXNativeTarget section */
		1546D3961CA61A5100D8ECC5 /* Emojr */ = {
			isa = PBXNativeTarget;
			buildConfigurationList = 1546D3A91CA61A5100D8ECC5 /* Build configuration list for PBXNativeTarget "Emojr" */;
			buildPhases = (
				4539D3649E6EFD186953F6F9 /* [CP] Check Pods Manifest.lock */,
				1546D3931CA61A5100D8ECC5 /* Sources */,
				1546D3941CA61A5100D8ECC5 /* Frameworks */,
				1546D3951CA61A5100D8ECC5 /* Resources */,
				1546D3B81CA61D2B00D8ECC5 /* Embed Frameworks */,
				0B3765682AA81B159230CF39 /* [CP] Embed Pods Frameworks */,
				AF9F152FDC3FB2A7A107F8AB /* [CP] Copy Pods Resources */,
			);
			buildRules = (
			);
			dependencies = (
			);
			name = Emojr;
			productName = Emojr;
			productReference = 1546D3971CA61A5100D8ECC5 /* Emojr.app */;
			productType = "com.apple.product-type.application";
		};
		1589F8941D27556600451912 /* EmojrTests */ = {
			isa = PBXNativeTarget;
			buildConfigurationList = 1589F89C1D27556600451912 /* Build configuration list for PBXNativeTarget "EmojrTests" */;
			buildPhases = (
				83686BFAF70DA59A22C65A4E /* [CP] Check Pods Manifest.lock */,
				1589F8911D27556600451912 /* Sources */,
				1589F8921D27556600451912 /* Frameworks */,
				1589F8931D27556600451912 /* Resources */,
				52DAAA567A5B19F6DA756D0B /* [CP] Embed Pods Frameworks */,
				1FF5C8732336FA3311507C2E /* [CP] Copy Pods Resources */,
			);
			buildRules = (
			);
			dependencies = (
				1589F89B1D27556600451912 /* PBXTargetDependency */,
			);
			name = EmojrTests;
			productName = EmojrTests;
			productReference = 1589F8951D27556600451912 /* EmojrTests.xctest */;
			productType = "com.apple.product-type.bundle.unit-test";
		};
/* End PBXNativeTarget section */

/* Begin PBXProject section */
		1546D38F1CA61A5100D8ECC5 /* Project object */ = {
			isa = PBXProject;
			attributes = {
				LastSwiftUpdateCheck = 0730;
				LastUpgradeCheck = 0810;
				ORGANIZATIONNAME = "Joseph Pecoraro";
				TargetAttributes = {
					1546D3961CA61A5100D8ECC5 = {
						CreatedOnToolsVersion = 7.2.1;
						DevelopmentTeam = M2JNHSR23U;
						LastSwiftMigration = 0920;
					};
					1589F8941D27556600451912 = {
						CreatedOnToolsVersion = 7.3.1;
						LastSwiftMigration = 0920;
						TestTargetID = 1546D3961CA61A5100D8ECC5;
					};
				};
			};
			buildConfigurationList = 1546D3921CA61A5100D8ECC5 /* Build configuration list for PBXProject "Emojr" */;
			compatibilityVersion = "Xcode 3.2";
			developmentRegion = English;
			hasScannedForEncodings = 0;
			knownRegions = (
				en,
				Base,
			);
			mainGroup = 1546D38E1CA61A5100D8ECC5;
			productRefGroup = 1546D3981CA61A5100D8ECC5 /* Products */;
			projectDirPath = "";
			projectRoot = "";
			targets = (
				1546D3961CA61A5100D8ECC5 /* Emojr */,
				1589F8941D27556600451912 /* EmojrTests */,
			);
		};
/* End PBXProject section */

/* Begin PBXResourcesBuildPhase section */
		1546D3951CA61A5100D8ECC5 /* Resources */ = {
			isa = PBXResourcesBuildPhase;
			buildActionMask = 2147483647;
			files = (
				1546D3A51CA61A5100D8ECC5 /* LaunchScreen.storyboard in Resources */,
				1546D3A21CA61A5100D8ECC5 /* Assets.xcassets in Resources */,
				6EE3DF061DD87CD200E32BA2 /* NoDataView.xib in Resources */,
				153299D91E8B6A5C003E0935 /* emoji-complex.json in Resources */,
				153299D41E8B6A11003E0935 /* emoji-name-keys.json in Resources */,
				1546D3A01CA61A5100D8ECC5 /* Main.storyboard in Resources */,
				153299D61E8B6A11003E0935 /* emoji-names.json in Resources */,
				153299CE1E8B67F5003E0935 /* emoji.json in Resources */,
				15DDD0F71D09C4AD00E9649C /* TimelineTableViewCell.xib in Resources */,
				153299D21E8B6A11003E0935 /* emoji-emoji-keys.json in Resources */,
				153299CD1E8B67F5003E0935 /* emoji-parser.py in Resources */,
				15313DCC1D07B54F006E738A /* UserTableViewCell.xib in Resources */,
				6ECCD79E1CA72C8D00F53AD5 /* EmoteView.xib in Resources */,
				15FD8BCF1DDC193B00E89FD0 /* EmojisList.plist in Resources */,
				15DDD0F51D09C49200E9649C /* LoadingTableViewCell.xib in Resources */,
				6EB38E571E84359300DE986C /* GoogleService-Info.plist in Resources */,
			);
			runOnlyForDeploymentPostprocessing = 0;
		};
		1589F8931D27556600451912 /* Resources */ = {
			isa = PBXResourcesBuildPhase;
			buildActionMask = 2147483647;
			files = (
				153299D31E8B6A11003E0935 /* emoji-emoji-keys.json in Resources */,
				153299D51E8B6A11003E0935 /* emoji-name-keys.json in Resources */,
				153299D71E8B6A11003E0935 /* emoji-names.json in Resources */,
				153299DA1E8B6A5C003E0935 /* emoji-complex.json in Resources */,
			);
			runOnlyForDeploymentPostprocessing = 0;
		};
/* End PBXResourcesBuildPhase section */

/* Begin PBXShellScriptBuildPhase section */
		0B3765682AA81B159230CF39 /* [CP] Embed Pods Frameworks */ = {
			isa = PBXShellScriptBuildPhase;
			buildActionMask = 2147483647;
			files = (
			);
			inputPaths = (
			);
			name = "[CP] Embed Pods Frameworks";
			outputPaths = (
			);
			runOnlyForDeploymentPostprocessing = 0;
			shellPath = /bin/sh;
			shellScript = "\"${SRCROOT}/Pods/Target Support Files/Pods-Emojr/Pods-Emojr-frameworks.sh\"\n";
			showEnvVarsInLog = 0;
		};
		1FF5C8732336FA3311507C2E /* [CP] Copy Pods Resources */ = {
			isa = PBXShellScriptBuildPhase;
			buildActionMask = 2147483647;
			files = (
			);
			inputPaths = (
			);
			name = "[CP] Copy Pods Resources";
			outputPaths = (
			);
			runOnlyForDeploymentPostprocessing = 0;
			shellPath = /bin/sh;
			shellScript = "\"${SRCROOT}/Pods/Target Support Files/Pods-EmojrTests/Pods-EmojrTests-resources.sh\"\n";
			showEnvVarsInLog = 0;
		};
		4539D3649E6EFD186953F6F9 /* [CP] Check Pods Manifest.lock */ = {
			isa = PBXShellScriptBuildPhase;
			buildActionMask = 2147483647;
			files = (
			);
			inputPaths = (
			);
			name = "[CP] Check Pods Manifest.lock";
			outputPaths = (
			);
			runOnlyForDeploymentPostprocessing = 0;
			shellPath = /bin/sh;
			shellScript = "diff \"${PODS_ROOT}/../Podfile.lock\" \"${PODS_ROOT}/Manifest.lock\" > /dev/null\nif [ $? != 0 ] ; then\n    # print error to STDERR\n    echo \"error: The sandbox is not in sync with the Podfile.lock. Run 'pod install' or update your CocoaPods installation.\" >&2\n    exit 1\nfi\n";
			showEnvVarsInLog = 0;
		};
		52DAAA567A5B19F6DA756D0B /* [CP] Embed Pods Frameworks */ = {
			isa = PBXShellScriptBuildPhase;
			buildActionMask = 2147483647;
			files = (
			);
			inputPaths = (
			);
			name = "[CP] Embed Pods Frameworks";
			outputPaths = (
			);
			runOnlyForDeploymentPostprocessing = 0;
			shellPath = /bin/sh;
			shellScript = "\"${SRCROOT}/Pods/Target Support Files/Pods-EmojrTests/Pods-EmojrTests-frameworks.sh\"\n";
			showEnvVarsInLog = 0;
		};
		83686BFAF70DA59A22C65A4E /* [CP] Check Pods Manifest.lock */ = {
			isa = PBXShellScriptBuildPhase;
			buildActionMask = 2147483647;
			files = (
			);
			inputPaths = (
			);
			name = "[CP] Check Pods Manifest.lock";
			outputPaths = (
			);
			runOnlyForDeploymentPostprocessing = 0;
			shellPath = /bin/sh;
			shellScript = "diff \"${PODS_ROOT}/../Podfile.lock\" \"${PODS_ROOT}/Manifest.lock\" > /dev/null\nif [ $? != 0 ] ; then\n    # print error to STDERR\n    echo \"error: The sandbox is not in sync with the Podfile.lock. Run 'pod install' or update your CocoaPods installation.\" >&2\n    exit 1\nfi\n";
			showEnvVarsInLog = 0;
		};
		AF9F152FDC3FB2A7A107F8AB /* [CP] Copy Pods Resources */ = {
			isa = PBXShellScriptBuildPhase;
			buildActionMask = 2147483647;
			files = (
			);
			inputPaths = (
			);
			name = "[CP] Copy Pods Resources";
			outputPaths = (
			);
			runOnlyForDeploymentPostprocessing = 0;
			shellPath = /bin/sh;
			shellScript = "\"${SRCROOT}/Pods/Target Support Files/Pods-Emojr/Pods-Emojr-resources.sh\"\n";
			showEnvVarsInLog = 0;
		};
/* End PBXShellScriptBuildPhase section */

/* Begin PBXSourcesBuildPhase section */
		1546D3931CA61A5100D8ECC5 /* Sources */ = {
			isa = PBXSourcesBuildPhase;
			buildActionMask = 2147483647;
			files = (
				15DDD1061D0A034500E9649C /* AGEmojiKeyBoardView.m in Sources */,
				6EE8313D1EABF7C90026FEBB /* EmojiFlippinRefreshControl.swift in Sources */,
				15454DF71CA808BB00A520D1 /* FollowerViewController.swift in Sources */,
				6ECCD7A21CA7724F00F53AD5 /* LoginViewController.swift in Sources */,
				15313C3B1CC94C9200745760 /* AccountViewController.swift in Sources */,
				157079101CA6299500043676 /* User.swift in Sources */,
				15313DD61D08934B006E738A /* InitialSetupViewController.swift in Sources */,
				15313DC71D07B0FF006E738A /* UserListViewController.swift in Sources */,
				15AA50121CA637780066CAB9 /* NetworkObjects.swift in Sources */,
				1546D39B1CA61A5100D8ECC5 /* AppDelegate.swift in Sources */,
				6EE3DF081DD87DFC00E32BA2 /* NoDataView.swift in Sources */,
				1589F8AA1D2792C300451912 /* EmojiTextFieldInputManager.swift in Sources */,
				15313C3D1CC9814A00745760 /* MainTabController.swift in Sources */,
				6E5DBF721CABC494004D3088 /* String+Emoji.swift in Sources */,
				15CC55201CEEA7D8006ABFE3 /* AnalyticsManager.swift in Sources */,
				15313DC51D0749E2006E738A /* DiscoverViewController.swift in Sources */,
				6ECCD7971CA7152400F53AD5 /* TimelineTableViewCell.swift in Sources */,
				15AA50191CA6392F0066CAB9 /* UIColor+Hex.swift in Sources */,
				157664201EA5A22600CCD586 /* EmojiTextInputVC.swift in Sources */,
				6EC717971E6E9606008F5A29 /* UIView+ConstrainEdges.swift in Sources */,
				15454DF31CA7EAF900A520D1 /* FollowingViewController.swift in Sources */,
				6E0F87B21EBC5357001EB092 /* LagFreeKeyboard.swift in Sources */,
				15313C3F1CC9921400745760 /* FollowUserManager.swift in Sources */,
				15454DF11CA7E00900A520D1 /* UICKeyChainStore.m in Sources */,
				6EE831431EAC0BB00026FEBB /* EmojiSearchView.swift in Sources */,
				15313DD41D07C34C006E738A /* AddUsersViewController.swift in Sources */,
				6EF1EF471CB4D4A400992A2F /* TimelineTableViewDataSource.swift in Sources */,
				6E142CD41E5AE20A00DCF755 /* Date+ISO8601.swift in Sources */,
				153299C91E8B662A003E0935 /* Log.swift in Sources */,
				6EE3DEF31DD80B8E00E32BA2 /* RestAccessor.swift in Sources */,
				15313DCE1D07B5D3006E738A /* UserTableViewCell.swift in Sources */,
				15AA50111CA637780066CAB9 /* NetworkingAccessor.swift in Sources */,
				6EBDFF5F1CA7F35A0067B7CC /* Date+Comparisons.swift in Sources */,
				15454DF91CA80CAC00A520D1 /* SignUpViewController.swift in Sources */,
				1589F8871D1CEFDE00451912 /* EmojiValidator.swift in Sources */,
				15AA50101CA637780066CAB9 /* NetworkFacade.swift in Sources */,
				15AA50161CA6383A0066CAB9 /* Constants.swift in Sources */,
				15CC55221CF2B19B006ABFE3 /* LoadingTableViewCell.swift in Sources */,
				6EE3DEF11DD80B5A00E32BA2 /* Router.swift in Sources */,
				6E142CCF1E5A98FE00DCF755 /* TimelineEnum.swift in Sources */,
				15DDD1151D0A357200E9649C /* Emojis.swift in Sources */,
				15DDD1071D0A034500E9649C /* AGEmojiPageView.m in Sources */,
				6EC717951E63C3B7008F5A29 /* FirebaseAccessor.swift in Sources */,
				1589F8A51D275F8900451912 /* EmojiSearchViewController.swift in Sources */,
				15DDD0F31D08BF2400E9649C /* LoginManager.swift in Sources */,
				6EFFE45B1E8F41F300DEC38B /* EmojiSlotMachine.swift in Sources */,
				15DDD1131D0A352200E9649C /* EmojiCell.swift in Sources */,
				6EEB42E11E850CA5009C8852 /* GradientView.swift in Sources */,
				6ECCD79C1CA72C7600F53AD5 /* EmoteView.swift in Sources */,
				6ECCD7951CA714FA00F53AD5 /* TimelineViewController.swift in Sources */,
				15DDD1091D0A040E00E9649C /* EmojiKeyboard.swift in Sources */,
			);
			runOnlyForDeploymentPostprocessing = 0;
		};
		1589F8911D27556600451912 /* Sources */ = {
			isa = PBXSourcesBuildPhase;
			buildActionMask = 2147483647;
			files = (
				1589F8981D27556600451912 /* EmojiValidationTests.swift in Sources */,
				1589F89F1D27597D00451912 /* EmojiValidator.swift in Sources */,
				1589F8A81D278BA300451912 /* EmojiTextFieldManagerTests.swift in Sources */,
				1589F8A31D275CAB00451912 /* Date+Comparisons.swift in Sources */,
				1589F8AB1D2792F400451912 /* EmojiTextFieldInputManager.swift in Sources */,
				153299CA1E8B6654003E0935 /* Log.swift in Sources */,
				1589F8A21D275CA800451912 /* UIColor+Hex.swift in Sources */,
			);
			runOnlyForDeploymentPostprocessing = 0;
		};
/* End PBXSourcesBuildPhase section */

/* Begin PBXTargetDependency section */
		1589F89B1D27556600451912 /* PBXTargetDependency */ = {
			isa = PBXTargetDependency;
			target = 1546D3961CA61A5100D8ECC5 /* Emojr */;
			targetProxy = 1589F89A1D27556600451912 /* PBXContainerItemProxy */;
		};
/* End PBXTargetDependency section */

/* Begin PBXVariantGroup section */
		1546D39E1CA61A5100D8ECC5 /* Main.storyboard */ = {
			isa = PBXVariantGroup;
			children = (
				1546D39F1CA61A5100D8ECC5 /* Base */,
			);
			name = Main.storyboard;
			sourceTree = "<group>";
		};
		1546D3A31CA61A5100D8ECC5 /* LaunchScreen.storyboard */ = {
			isa = PBXVariantGroup;
			children = (
				1546D3A41CA61A5100D8ECC5 /* Base */,
			);
			name = LaunchScreen.storyboard;
			sourceTree = "<group>";
		};
		6EE3DF041DD87CD200E32BA2 /* NoDataView.xib */ = {
			isa = PBXVariantGroup;
			children = (
				6EE3DF051DD87CD200E32BA2 /* Base */,
			);
			name = NoDataView.xib;
			sourceTree = "<group>";
		};
/* End PBXVariantGroup section */

/* Begin XCBuildConfiguration section */
		1546D3A71CA61A5100D8ECC5 /* Debug */ = {
			isa = XCBuildConfiguration;
			buildSettings = {
				ALWAYS_SEARCH_USER_PATHS = NO;
				CLANG_CXX_LANGUAGE_STANDARD = "gnu++0x";
				CLANG_CXX_LIBRARY = "libc++";
				CLANG_ENABLE_MODULES = YES;
				CLANG_ENABLE_OBJC_ARC = YES;
				CLANG_WARN_BOOL_CONVERSION = YES;
				CLANG_WARN_CONSTANT_CONVERSION = YES;
				CLANG_WARN_DIRECT_OBJC_ISA_USAGE = YES_ERROR;
				CLANG_WARN_EMPTY_BODY = YES;
				CLANG_WARN_ENUM_CONVERSION = YES;
				CLANG_WARN_INFINITE_RECURSION = YES;
				CLANG_WARN_INT_CONVERSION = YES;
				CLANG_WARN_OBJC_ROOT_CLASS = YES_ERROR;
				CLANG_WARN_SUSPICIOUS_MOVE = YES;
				CLANG_WARN_UNREACHABLE_CODE = YES;
				CLANG_WARN__DUPLICATE_METHOD_MATCH = YES;
				"CODE_SIGN_IDENTITY[sdk=iphoneos*]" = "iPhone Developer";
				COPY_PHASE_STRIP = NO;
				DEBUG_INFORMATION_FORMAT = dwarf;
				ENABLE_STRICT_OBJC_MSGSEND = YES;
				ENABLE_TESTABILITY = YES;
				GCC_C_LANGUAGE_STANDARD = gnu99;
				GCC_DYNAMIC_NO_PIC = NO;
				GCC_NO_COMMON_BLOCKS = YES;
				GCC_OPTIMIZATION_LEVEL = 0;
				GCC_PREPROCESSOR_DEFINITIONS = (
					"DEBUG=1",
					"$(inherited)",
				);
				GCC_WARN_64_TO_32_BIT_CONVERSION = YES;
				GCC_WARN_ABOUT_RETURN_TYPE = YES_ERROR;
				GCC_WARN_UNDECLARED_SELECTOR = YES;
				GCC_WARN_UNINITIALIZED_AUTOS = YES_AGGRESSIVE;
				GCC_WARN_UNUSED_FUNCTION = YES;
				GCC_WARN_UNUSED_VARIABLE = YES;
				IPHONEOS_DEPLOYMENT_TARGET = 9.0;
				MTL_ENABLE_DEBUG_INFO = YES;
				ONLY_ACTIVE_ARCH = YES;
				SDKROOT = iphoneos;
				SWIFT_OPTIMIZATION_LEVEL = "-Onone";
				SWIFT_VERSION = 3.0.1;
			};
			name = Debug;
		};
		1546D3A81CA61A5100D8ECC5 /* Release */ = {
			isa = XCBuildConfiguration;
			buildSettings = {
				ALWAYS_SEARCH_USER_PATHS = NO;
				CLANG_CXX_LANGUAGE_STANDARD = "gnu++0x";
				CLANG_CXX_LIBRARY = "libc++";
				CLANG_ENABLE_MODULES = YES;
				CLANG_ENABLE_OBJC_ARC = YES;
				CLANG_WARN_BOOL_CONVERSION = YES;
				CLANG_WARN_CONSTANT_CONVERSION = YES;
				CLANG_WARN_DIRECT_OBJC_ISA_USAGE = YES_ERROR;
				CLANG_WARN_EMPTY_BODY = YES;
				CLANG_WARN_ENUM_CONVERSION = YES;
				CLANG_WARN_INFINITE_RECURSION = YES;
				CLANG_WARN_INT_CONVERSION = YES;
				CLANG_WARN_OBJC_ROOT_CLASS = YES_ERROR;
				CLANG_WARN_SUSPICIOUS_MOVE = YES;
				CLANG_WARN_UNREACHABLE_CODE = YES;
				CLANG_WARN__DUPLICATE_METHOD_MATCH = YES;
				"CODE_SIGN_IDENTITY[sdk=iphoneos*]" = "iPhone Developer";
				COPY_PHASE_STRIP = NO;
				DEBUG_INFORMATION_FORMAT = "dwarf-with-dsym";
				ENABLE_NS_ASSERTIONS = NO;
				ENABLE_STRICT_OBJC_MSGSEND = YES;
				GCC_C_LANGUAGE_STANDARD = gnu99;
				GCC_NO_COMMON_BLOCKS = YES;
				GCC_WARN_64_TO_32_BIT_CONVERSION = YES;
				GCC_WARN_ABOUT_RETURN_TYPE = YES_ERROR;
				GCC_WARN_UNDECLARED_SELECTOR = YES;
				GCC_WARN_UNINITIALIZED_AUTOS = YES_AGGRESSIVE;
				GCC_WARN_UNUSED_FUNCTION = YES;
				GCC_WARN_UNUSED_VARIABLE = YES;
				IPHONEOS_DEPLOYMENT_TARGET = 9.0;
				MTL_ENABLE_DEBUG_INFO = NO;
				SDKROOT = iphoneos;
				SWIFT_OPTIMIZATION_LEVEL = "-Owholemodule";
				SWIFT_VERSION = 3.0.1;
				VALIDATE_PRODUCT = YES;
			};
			name = Release;
		};
		1546D3AA1CA61A5100D8ECC5 /* Debug */ = {
			isa = XCBuildConfiguration;
			baseConfigurationReference = 8E85AC212451C31A7B846FDE /* Pods-Emojr.debug.xcconfig */;
			buildSettings = {
				ASSETCATALOG_COMPILER_APPICON_NAME = AppIcon;
				CLANG_ENABLE_MODULES = YES;
				CODE_SIGN_IDENTITY = "iPhone Developer";
				"CODE_SIGN_IDENTITY[sdk=iphoneos*]" = "iPhone Developer";
				DEBUG_INFORMATION_FORMAT = "dwarf-with-dsym";
				DEVELOPMENT_TEAM = M2JNHSR23U;
				FRAMEWORK_SEARCH_PATHS = (
					"$(inherited)",
					"$(PROJECT_DIR)/Carthage/Build/iOS",
					"$(PROJECT_DIR)",
				);
				INFOPLIST_FILE = Emojr/Info.plist;
				IPHONEOS_DEPLOYMENT_TARGET = 9.0;
				LD_RUNPATH_SEARCH_PATHS = "$(inherited) @executable_path/Frameworks";
				PRODUCT_BUNDLE_IDENTIFIER = com.jamesrisberg.Emojr;
				PRODUCT_NAME = "$(TARGET_NAME)";
				PROVISIONING_PROFILE = "";
				SWIFT_OBJC_BRIDGING_HEADER = "Emojr-Bridging-Header.h";
				SWIFT_OPTIMIZATION_LEVEL = "-Onone";
				SWIFT_SWIFT3_OBJC_INFERENCE = On;
				SWIFT_VERSION = 4.0;
			};
			name = Debug;
		};
		1546D3AB1CA61A5100D8ECC5 /* Release */ = {
			isa = XCBuildConfiguration;
			baseConfigurationReference = 37062FCADB52429ED592A680 /* Pods-Emojr.release.xcconfig */;
			buildSettings = {
				ASSETCATALOG_COMPILER_APPICON_NAME = AppIcon;
				CLANG_ENABLE_MODULES = YES;
				CODE_SIGN_IDENTITY = "iPhone Developer";
				"CODE_SIGN_IDENTITY[sdk=iphoneos*]" = "iPhone Developer";
				DEVELOPMENT_TEAM = M2JNHSR23U;
				FRAMEWORK_SEARCH_PATHS = (
					"$(inherited)",
					"$(PROJECT_DIR)/Carthage/Build/iOS",
					"$(PROJECT_DIR)",
				);
				INFOPLIST_FILE = Emojr/Info.plist;
				IPHONEOS_DEPLOYMENT_TARGET = 9.0;
				LD_RUNPATH_SEARCH_PATHS = "$(inherited) @executable_path/Frameworks";
				PRODUCT_BUNDLE_IDENTIFIER = com.jamesrisberg.Emojr;
				PRODUCT_NAME = "$(TARGET_NAME)";
				PROVISIONING_PROFILE = "";
				SWIFT_OBJC_BRIDGING_HEADER = "Emojr-Bridging-Header.h";
				SWIFT_SWIFT3_OBJC_INFERENCE = On;
				SWIFT_VERSION = 4.0;
			};
			name = Release;
		};
		1589F89D1D27556600451912 /* Debug */ = {
			isa = XCBuildConfiguration;
			baseConfigurationReference = 38BD419BFA916E0C88BF8161 /* Pods-EmojrTests.debug.xcconfig */;
			buildSettings = {
				BUNDLE_LOADER = "$(TEST_HOST)";
				CLANG_ANALYZER_NONNULL = YES;
				INFOPLIST_FILE = EmojrTests/Info.plist;
				IPHONEOS_DEPLOYMENT_TARGET = 9.3;
				LD_RUNPATH_SEARCH_PATHS = "$(inherited) @executable_path/Frameworks @loader_path/Frameworks";
				PRODUCT_BUNDLE_IDENTIFIER = com.josephpecoraro.EmojrTests;
				PRODUCT_NAME = "$(TARGET_NAME)";
				SWIFT_SWIFT3_OBJC_INFERENCE = On;
				SWIFT_VERSION = 4.0;
				TEST_HOST = "$(BUILT_PRODUCTS_DIR)/Emojr.app/Emojr";
			};
			name = Debug;
		};
		1589F89E1D27556600451912 /* Release */ = {
			isa = XCBuildConfiguration;
			baseConfigurationReference = 66A3FCCC4D254503579CAF9F /* Pods-EmojrTests.release.xcconfig */;
			buildSettings = {
				BUNDLE_LOADER = "$(TEST_HOST)";
				CLANG_ANALYZER_NONNULL = YES;
				INFOPLIST_FILE = EmojrTests/Info.plist;
				IPHONEOS_DEPLOYMENT_TARGET = 9.3;
				LD_RUNPATH_SEARCH_PATHS = "$(inherited) @executable_path/Frameworks @loader_path/Frameworks";
				PRODUCT_BUNDLE_IDENTIFIER = com.josephpecoraro.EmojrTests;
				PRODUCT_NAME = "$(TARGET_NAME)";
				SWIFT_SWIFT3_OBJC_INFERENCE = On;
				SWIFT_VERSION = 4.0;
				TEST_HOST = "$(BUILT_PRODUCTS_DIR)/Emojr.app/Emojr";
			};
			name = Release;
		};
/* End XCBuildConfiguration section */

/* Begin XCConfigurationList section */
		1546D3921CA61A5100D8ECC5 /* Build configuration list for PBXProject "Emojr" */ = {
			isa = XCConfigurationList;
			buildConfigurations = (
				1546D3A71CA61A5100D8ECC5 /* Debug */,
				1546D3A81CA61A5100D8ECC5 /* Release */,
			);
			defaultConfigurationIsVisible = 0;
			defaultConfigurationName = Release;
		};
		1546D3A91CA61A5100D8ECC5 /* Build configuration list for PBXNativeTarget "Emojr" */ = {
			isa = XCConfigurationList;
			buildConfigurations = (
				1546D3AA1CA61A5100D8ECC5 /* Debug */,
				1546D3AB1CA61A5100D8ECC5 /* Release */,
			);
			defaultConfigurationIsVisible = 0;
			defaultConfigurationName = Release;
		};
		1589F89C1D27556600451912 /* Build configuration list for PBXNativeTarget "EmojrTests" */ = {
			isa = XCConfigurationList;
			buildConfigurations = (
				1589F89D1D27556600451912 /* Debug */,
				1589F89E1D27556600451912 /* Release */,
			);
			defaultConfigurationIsVisible = 0;
			defaultConfigurationName = Release;
		};
/* End XCConfigurationList section */
	};
	rootObject = 1546D38F1CA61A5100D8ECC5 /* Project object */;
}
